// !$*UTF8*$!
{
	archiveVersion = 1;
	classes = {
	};
	objectVersion = 56;
	objects = {

/* Begin PBXBuildFile section */
		2A49A12C292E5DE100897379 /* GroupBaseViewController.swift in Sources */ = {isa = PBXBuildFile; fileRef = 2A49A12B292E5DE100897379 /* GroupBaseViewController.swift */; };
		2A49A1362933C93F00897379 /* ResetNicknameViewController.swift in Sources */ = {isa = PBXBuildFile; fileRef = 2A49A1352933C93E00897379 /* ResetNicknameViewController.swift */; };
		2A49A1382933C9E800897379 /* AppInfoWebViewController.swift in Sources */ = {isa = PBXBuildFile; fileRef = 2A49A1372933C9E800897379 /* AppInfoWebViewController.swift */; };
		2A49A13D293489E500897379 /* Reachability.swift in Sources */ = {isa = PBXBuildFile; fileRef = 2A49A13C293489E500897379 /* Reachability.swift */; };
		2AF46852291E1F6200AB2DE4 /* DetailRollingPaperViewController.swift in Sources */ = {isa = PBXBuildFile; fileRef = 2AF46851291E1F6200AB2DE4 /* DetailRollingPaperViewController.swift */; };
		2AF46854291E20E300AB2DE4 /* DetailPostLabelCollectionViewCell.swift in Sources */ = {isa = PBXBuildFile; fileRef = 2AF46853291E20E300AB2DE4 /* DetailPostLabelCollectionViewCell.swift */; };
		790FF814291E5733004BDA20 /* UIViewController+.swift in Sources */ = {isa = PBXBuildFile; fileRef = 790FF813291E5733004BDA20 /* UIViewController+.swift */; };
		79340B27292171130097D111 /* Group.swift in Sources */ = {isa = PBXBuildFile; fileRef = 79340B26292171130097D111 /* Group.swift */; };
		79340B29292171420097D111 /* ParticipateGroupInfo.swift in Sources */ = {isa = PBXBuildFile; fileRef = 79340B28292171420097D111 /* ParticipateGroupInfo.swift */; };
		79340B31292171AD0097D111 /* MainViewController.swift in Sources */ = {isa = PBXBuildFile; fileRef = 79340B2D292171AD0097D111 /* MainViewController.swift */; };
		79340B33292171AD0097D111 /* AddGroupButtonBackgroundView.swift in Sources */ = {isa = PBXBuildFile; fileRef = 79340B30292171AD0097D111 /* AddGroupButtonBackgroundView.swift */; };
		79340B35292171BD0097D111 /* MainGroupCardViewCell.swift in Sources */ = {isa = PBXBuildFile; fileRef = 79340B34292171BD0097D111 /* MainGroupCardViewCell.swift */; };
		79340B3A292172580097D111 /* ConfirmGroupWhileParticipateViewController.swift in Sources */ = {isa = PBXBuildFile; fileRef = 79340B39292172580097D111 /* ConfirmGroupWhileParticipateViewController.swift */; };
		79340B3C292172760097D111 /* SearchGroupWithCodeViewController.swift in Sources */ = {isa = PBXBuildFile; fileRef = 79340B3B292172760097D111 /* SearchGroupWithCodeViewController.swift */; };
		79340B3E292172990097D111 /* SetNicknameWhileParticipateViewController.swift in Sources */ = {isa = PBXBuildFile; fileRef = 79340B3D292172990097D111 /* SetNicknameWhileParticipateViewController.swift */; };
		79340B41292173380097D111 /* ParticipateGroupConfirmCardView.swift in Sources */ = {isa = PBXBuildFile; fileRef = 79340B40292173380097D111 /* ParticipateGroupConfirmCardView.swift */; };
		79340B4B2921AA330097D111 /* RollingPaperInfo.swift in Sources */ = {isa = PBXBuildFile; fileRef = 79340B4A2921AA330097D111 /* RollingPaperInfo.swift */; };
		79675CAB29333CAB0049533E /* SettingViewController.swift in Sources */ = {isa = PBXBuildFile; fileRef = 79675CAA29333CAB0049533E /* SettingViewController.swift */; };
		79675CAE29333E330049533E /* SettingTableViewCell.swift in Sources */ = {isa = PBXBuildFile; fileRef = 79675CAD29333E330049533E /* SettingTableViewCell.swift */; };
		7980D12E291C3F3F00915C72 /* UIColor+.swift in Sources */ = {isa = PBXBuildFile; fileRef = 7980D12D291C3F3F00915C72 /* UIColor+.swift */; };
		79A9100D291B84B700A0672F /* PostView.swift in Sources */ = {isa = PBXBuildFile; fileRef = 79A9100C291B84B700A0672F /* PostView.swift */; };
		79A91011291C091B00A0672F /* Alert+.swift in Sources */ = {isa = PBXBuildFile; fileRef = 79A91010291C091B00A0672F /* Alert+.swift */; };
		79B38A832922E62100F084E3 /* DetailPostImageCollectionViewCell.swift in Sources */ = {isa = PBXBuildFile; fileRef = 79B38A822922E62100F084E3 /* DetailPostImageCollectionViewCell.swift */; };
		79BAA9A2291AE53100C5636E /* WriteRollingPaperViewController.swift in Sources */ = {isa = PBXBuildFile; fileRef = 79BAA9A1291AE53000C5636E /* WriteRollingPaperViewController.swift */; };
		79BAA9A5291AE8D400C5636E /* PostThemePickerViewCell.swift in Sources */ = {isa = PBXBuildFile; fileRef = 79BAA9A4291AE8D400C5636E /* PostThemePickerViewCell.swift */; };
		79BAA9A9291AED9500C5636E /* NSObject+.swift in Sources */ = {isa = PBXBuildFile; fileRef = 79BAA9A8291AED9500C5636E /* NSObject+.swift */; };
		79BAA9AF291B732F00C5636E /* PostThemePickerView.swift in Sources */ = {isa = PBXBuildFile; fileRef = 79BAA9AE291B732F00C5636E /* PostThemePickerView.swift */; };
		AB032AA0291E870300B22C13 /* IconSet.swift in Sources */ = {isa = PBXBuildFile; fileRef = AB032A9F291E870300B22C13 /* IconSet.swift */; };
		AB032AA2291E870900B22C13 /* BackgroundColorSet.swift in Sources */ = {isa = PBXBuildFile; fileRef = AB032AA1291E870900B22C13 /* BackgroundColorSet.swift */; };
		AB032AA4291E872400B22C13 /* String+.swift in Sources */ = {isa = PBXBuildFile; fileRef = AB032AA3291E872400B22C13 /* String+.swift */; };
		AB032AA9291E875900B22C13 /* SelectBackgroundColorCell.swift in Sources */ = {isa = PBXBuildFile; fileRef = AB032AA8291E875900B22C13 /* SelectBackgroundColorCell.swift */; };
		AB032AAB291E875E00B22C13 /* SelectIconCell.swift in Sources */ = {isa = PBXBuildFile; fileRef = AB032AAA291E875E00B22C13 /* SelectIconCell.swift */; };
		AB04EA6729332AA300A9CDF0 /* PostData.swift in Sources */ = {isa = PBXBuildFile; fileRef = AB04EA6629332AA300A9CDF0 /* PostData.swift */; };
		AB437581291A5B7900C3688D /* SetGroupNameWhileCreatingGroupViewController.swift in Sources */ = {isa = PBXBuildFile; fileRef = AB437580291A5B7900C3688D /* SetGroupNameWhileCreatingGroupViewController.swift */; };
		ABA0343E2921946000A50471 /* VerticalCardSwiper in Frameworks */ = {isa = PBXBuildFile; productRef = ABA0343D2921946000A50471 /* VerticalCardSwiper */; };
		ABA034412921969C00A50471 /* GroupDetailViewController.swift in Sources */ = {isa = PBXBuildFile; fileRef = ABA034402921969C00A50471 /* GroupDetailViewController.swift */; };
		ABA034472921BB0100A50471 /* RollingPaperPostAPI.swift in Sources */ = {isa = PBXBuildFile; fileRef = ABA034452921BB0100A50471 /* RollingPaperPostAPI.swift */; };
		ABA034482921BB0100A50471 /* FirebaseStorageManager.swift in Sources */ = {isa = PBXBuildFile; fileRef = ABA034462921BB0100A50471 /* FirebaseStorageManager.swift */; };
		ABB96EAB291AB381003C5B1D /* SetNicknameWhileCreatingGroupViewController.swift in Sources */ = {isa = PBXBuildFile; fileRef = ABB96EAA291AB381003C5B1D /* SetNicknameWhileCreatingGroupViewController.swift */; };
		ABB96EAE291AB754003C5B1D /* CreatingGroupInfo.swift in Sources */ = {isa = PBXBuildFile; fileRef = ABB96EAD291AB754003C5B1D /* CreatingGroupInfo.swift */; };
		ABB96EB0291ABB5D003C5B1D /* ConfirmGroupViewController.swift in Sources */ = {isa = PBXBuildFile; fileRef = ABB96EAF291ABB5D003C5B1D /* ConfirmGroupViewController.swift */; };
		ABB96EB3291AC71F003C5B1D /* ConfirmGroupCardView.swift in Sources */ = {isa = PBXBuildFile; fileRef = ABB96EB2291AC71F003C5B1D /* ConfirmGroupCardView.swift */; };
		ABB96EB5291AF055003C5B1D /* GroupCodeSharingViewController.swift in Sources */ = {isa = PBXBuildFile; fileRef = ABB96EB4291AF055003C5B1D /* GroupCodeSharingViewController.swift */; };
		ABB96EB9291B69FA003C5B1D /* Date+.swift in Sources */ = {isa = PBXBuildFile; fileRef = ABB96EB8291B69FA003C5B1D /* Date+.swift */; };
		ABB96EBE291BA0AE003C5B1D /* GroupCodeView.swift in Sources */ = {isa = PBXBuildFile; fileRef = ABB96EBD291BA0AE003C5B1D /* GroupCodeView.swift */; };
		ABB96EC0291C244E003C5B1D /* SetThemeViewController.swift in Sources */ = {isa = PBXBuildFile; fileRef = ABB96EBF291C244E003C5B1D /* SetThemeViewController.swift */; };
		ABCFC80D291FE32D006DB26B /* GroupWithThemeView.swift in Sources */ = {isa = PBXBuildFile; fileRef = ABCFC80C291FE32D006DB26B /* GroupWithThemeView.swift */; };
		ABCFC80F291FEAC7006DB26B /* Int+.swift in Sources */ = {isa = PBXBuildFile; fileRef = ABCFC80E291FEAC7006DB26B /* Int+.swift */; };
		ABCFC81229201518006DB26B /* LoginViewController.swift in Sources */ = {isa = PBXBuildFile; fileRef = ABCFC81129201518006DB26B /* LoginViewController.swift */; };
		ABCFC8372920158A006DB26B /* PostRollingPaperLayout.swift in Sources */ = {isa = PBXBuildFile; fileRef = ABCFC8322920158A006DB26B /* PostRollingPaperLayout.swift */; };
		ABCFC8382920158A006DB26B /* PostRollingPaperCollectionViewCell.swift in Sources */ = {isa = PBXBuildFile; fileRef = ABCFC8342920158A006DB26B /* PostRollingPaperCollectionViewCell.swift */; };
		ABCFC8392920158A006DB26B /* PostViewController.swift in Sources */ = {isa = PBXBuildFile; fileRef = ABCFC8362920158A006DB26B /* PostViewController.swift */; };
		ABDBD2BE291A3F97008FB3A6 /* AppDelegate.swift in Sources */ = {isa = PBXBuildFile; fileRef = ABDBD2BD291A3F97008FB3A6 /* AppDelegate.swift */; };
		ABDBD2C0291A3F97008FB3A6 /* SceneDelegate.swift in Sources */ = {isa = PBXBuildFile; fileRef = ABDBD2BF291A3F97008FB3A6 /* SceneDelegate.swift */; };
		ABDBD2C5291A3F97008FB3A6 /* Main.storyboard in Resources */ = {isa = PBXBuildFile; fileRef = ABDBD2C3291A3F97008FB3A6 /* Main.storyboard */; };
		ABDBD2C7291A3F99008FB3A6 /* Assets.xcassets in Resources */ = {isa = PBXBuildFile; fileRef = ABDBD2C6291A3F99008FB3A6 /* Assets.xcassets */; };
		ABDBD2CA291A3F99008FB3A6 /* LaunchScreen.storyboard in Resources */ = {isa = PBXBuildFile; fileRef = ABDBD2C8291A3F99008FB3A6 /* LaunchScreen.storyboard */; };
		ABDBD2D5291A3F99008FB3A6 /* Rollin_MVPTests.swift in Sources */ = {isa = PBXBuildFile; fileRef = ABDBD2D4291A3F99008FB3A6 /* Rollin_MVPTests.swift */; };
		ABDBD2DF291A3F99008FB3A6 /* Rollin_MVPUITests.swift in Sources */ = {isa = PBXBuildFile; fileRef = ABDBD2DE291A3F99008FB3A6 /* Rollin_MVPUITests.swift */; };
		ABDBD2E1291A3F99008FB3A6 /* Rollin_MVPUITestsLaunchTests.swift in Sources */ = {isa = PBXBuildFile; fileRef = ABDBD2E0291A3F99008FB3A6 /* Rollin_MVPUITestsLaunchTests.swift */; };
		ABF45DFA29445B9000D96CC4 /* GoogleService-Info.plist in Resources */ = {isa = PBXBuildFile; fileRef = ABF45DF929445B9000D96CC4 /* GoogleService-Info.plist */; };
		F64694F92921A4BB0094CB68 /* FirebaseStorageManager.swift in Sources */ = {isa = PBXBuildFile; fileRef = F64694F82921A4BB0094CB68 /* FirebaseStorageManager.swift */; };
		F65517512920C89D00B09405 /* NSTextAttachment+.swift in Sources */ = {isa = PBXBuildFile; fileRef = F65517502920C89D00B09405 /* NSTextAttachment+.swift */; };
		F663324B292033F300A7310A /* SetNickNameWhileLoginViewController.swift in Sources */ = {isa = PBXBuildFile; fileRef = F663324A292033F300A7310A /* SetNickNameWhileLoginViewController.swift */; };
		F663324D292034D100A7310A /* Image+.swift in Sources */ = {isa = PBXBuildFile; fileRef = F663324C292034D100A7310A /* Image+.swift */; };
		F663324F2920398200A7310A /* UITextField+.swift in Sources */ = {isa = PBXBuildFile; fileRef = F663324E2920398200A7310A /* UITextField+.swift */; };
		F6667F3029219FD000CD480F /* RollingPaperPostAPI.swift in Sources */ = {isa = PBXBuildFile; fileRef = F6667F2F29219FD000CD480F /* RollingPaperPostAPI.swift */; };
		F8173D1D291A521400E545E0 /* FirebaseAuth in Frameworks */ = {isa = PBXBuildFile; productRef = F8173D1C291A521400E545E0 /* FirebaseAuth */; };
		F8173D1F291A521400E545E0 /* FirebaseDatabase in Frameworks */ = {isa = PBXBuildFile; productRef = F8173D1E291A521400E545E0 /* FirebaseDatabase */; };
		F8173D21291A521400E545E0 /* FirebaseDatabaseSwift in Frameworks */ = {isa = PBXBuildFile; productRef = F8173D20291A521400E545E0 /* FirebaseDatabaseSwift */; };
		F8173D23291A521400E545E0 /* FirebaseFirestore in Frameworks */ = {isa = PBXBuildFile; productRef = F8173D22291A521400E545E0 /* FirebaseFirestore */; };
		F8173D25291A521400E545E0 /* FirebaseFirestoreCombine-Community in Frameworks */ = {isa = PBXBuildFile; productRef = F8173D24291A521400E545E0 /* FirebaseFirestoreCombine-Community */; };
		F8173D27291A521400E545E0 /* FirebaseFirestoreSwift in Frameworks */ = {isa = PBXBuildFile; productRef = F8173D26291A521400E545E0 /* FirebaseFirestoreSwift */; };
		F8173D29291A521400E545E0 /* FirebaseStorage in Frameworks */ = {isa = PBXBuildFile; productRef = F8173D28291A521400E545E0 /* FirebaseStorage */; };
		F8173D2B291A521400E545E0 /* FirebaseStorageCombine-Community in Frameworks */ = {isa = PBXBuildFile; productRef = F8173D2A291A521400E545E0 /* FirebaseStorageCombine-Community */; };
/* End PBXBuildFile section */

/* Begin PBXContainerItemProxy section */
		ABDBD2D1291A3F99008FB3A6 /* PBXContainerItemProxy */ = {
			isa = PBXContainerItemProxy;
			containerPortal = ABDBD2B2291A3F97008FB3A6 /* Project object */;
			proxyType = 1;
			remoteGlobalIDString = ABDBD2B9291A3F97008FB3A6;
			remoteInfo = Rollin_MVP;
		};
		ABDBD2DB291A3F99008FB3A6 /* PBXContainerItemProxy */ = {
			isa = PBXContainerItemProxy;
			containerPortal = ABDBD2B2291A3F97008FB3A6 /* Project object */;
			proxyType = 1;
			remoteGlobalIDString = ABDBD2B9291A3F97008FB3A6;
			remoteInfo = Rollin_MVP;
		};
/* End PBXContainerItemProxy section */

/* Begin PBXFileReference section */
		2A49A12B292E5DE100897379 /* GroupBaseViewController.swift */ = {isa = PBXFileReference; lastKnownFileType = sourcecode.swift; path = GroupBaseViewController.swift; sourceTree = "<group>"; };
		2A49A1352933C93E00897379 /* ResetNicknameViewController.swift */ = {isa = PBXFileReference; lastKnownFileType = sourcecode.swift; path = ResetNicknameViewController.swift; sourceTree = "<group>"; };
		2A49A1372933C9E800897379 /* AppInfoWebViewController.swift */ = {isa = PBXFileReference; lastKnownFileType = sourcecode.swift; path = AppInfoWebViewController.swift; sourceTree = "<group>"; };
		2A49A13C293489E500897379 /* Reachability.swift */ = {isa = PBXFileReference; lastKnownFileType = sourcecode.swift; path = Reachability.swift; sourceTree = "<group>"; };
		2AF46851291E1F6200AB2DE4 /* DetailRollingPaperViewController.swift */ = {isa = PBXFileReference; lastKnownFileType = sourcecode.swift; path = DetailRollingPaperViewController.swift; sourceTree = "<group>"; };
		2AF46853291E20E300AB2DE4 /* DetailPostLabelCollectionViewCell.swift */ = {isa = PBXFileReference; lastKnownFileType = sourcecode.swift; path = DetailPostLabelCollectionViewCell.swift; sourceTree = "<group>"; };
		790FF813291E5733004BDA20 /* UIViewController+.swift */ = {isa = PBXFileReference; lastKnownFileType = sourcecode.swift; path = "UIViewController+.swift"; sourceTree = "<group>"; };
		790FF81C291E7195004BDA20 /* RollingPaperPostAPI.swift */ = {isa = PBXFileReference; lastKnownFileType = sourcecode.swift; path = RollingPaperPostAPI.swift; sourceTree = "<group>"; };
		790FF81E291ED661004BDA20 /* FirebaseStorageManager.swift */ = {isa = PBXFileReference; lastKnownFileType = sourcecode.swift; path = FirebaseStorageManager.swift; sourceTree = "<group>"; };
		79340B26292171130097D111 /* Group.swift */ = {isa = PBXFileReference; lastKnownFileType = sourcecode.swift; path = Group.swift; sourceTree = "<group>"; };
		79340B28292171420097D111 /* ParticipateGroupInfo.swift */ = {isa = PBXFileReference; fileEncoding = 4; lastKnownFileType = sourcecode.swift; path = ParticipateGroupInfo.swift; sourceTree = "<group>"; };
		79340B2D292171AD0097D111 /* MainViewController.swift */ = {isa = PBXFileReference; fileEncoding = 4; lastKnownFileType = sourcecode.swift; path = MainViewController.swift; sourceTree = "<group>"; };
		79340B30292171AD0097D111 /* AddGroupButtonBackgroundView.swift */ = {isa = PBXFileReference; fileEncoding = 4; lastKnownFileType = sourcecode.swift; path = AddGroupButtonBackgroundView.swift; sourceTree = "<group>"; };
		79340B34292171BD0097D111 /* MainGroupCardViewCell.swift */ = {isa = PBXFileReference; lastKnownFileType = sourcecode.swift; path = MainGroupCardViewCell.swift; sourceTree = "<group>"; };
		79340B39292172580097D111 /* ConfirmGroupWhileParticipateViewController.swift */ = {isa = PBXFileReference; lastKnownFileType = sourcecode.swift; path = ConfirmGroupWhileParticipateViewController.swift; sourceTree = "<group>"; };
		79340B3B292172760097D111 /* SearchGroupWithCodeViewController.swift */ = {isa = PBXFileReference; lastKnownFileType = sourcecode.swift; path = SearchGroupWithCodeViewController.swift; sourceTree = "<group>"; };
		79340B3D292172990097D111 /* SetNicknameWhileParticipateViewController.swift */ = {isa = PBXFileReference; lastKnownFileType = sourcecode.swift; path = SetNicknameWhileParticipateViewController.swift; sourceTree = "<group>"; };
		79340B40292173380097D111 /* ParticipateGroupConfirmCardView.swift */ = {isa = PBXFileReference; lastKnownFileType = sourcecode.swift; path = ParticipateGroupConfirmCardView.swift; sourceTree = "<group>"; };
		79340B4A2921AA330097D111 /* RollingPaperInfo.swift */ = {isa = PBXFileReference; lastKnownFileType = sourcecode.swift; path = RollingPaperInfo.swift; sourceTree = "<group>"; };
		79675CAA29333CAB0049533E /* SettingViewController.swift */ = {isa = PBXFileReference; lastKnownFileType = sourcecode.swift; path = SettingViewController.swift; sourceTree = "<group>"; };
		79675CAD29333E330049533E /* SettingTableViewCell.swift */ = {isa = PBXFileReference; lastKnownFileType = sourcecode.swift; path = SettingTableViewCell.swift; sourceTree = "<group>"; };
		7980D12D291C3F3F00915C72 /* UIColor+.swift */ = {isa = PBXFileReference; lastKnownFileType = sourcecode.swift; path = "UIColor+.swift"; sourceTree = "<group>"; };
		79A9100C291B84B700A0672F /* PostView.swift */ = {isa = PBXFileReference; lastKnownFileType = sourcecode.swift; path = PostView.swift; sourceTree = "<group>"; };
		79A91010291C091B00A0672F /* Alert+.swift */ = {isa = PBXFileReference; lastKnownFileType = sourcecode.swift; path = "Alert+.swift"; sourceTree = "<group>"; };
		79B38A822922E62100F084E3 /* DetailPostImageCollectionViewCell.swift */ = {isa = PBXFileReference; lastKnownFileType = sourcecode.swift; path = DetailPostImageCollectionViewCell.swift; sourceTree = "<group>"; };
		79BAA9A1291AE53000C5636E /* WriteRollingPaperViewController.swift */ = {isa = PBXFileReference; lastKnownFileType = sourcecode.swift; path = WriteRollingPaperViewController.swift; sourceTree = "<group>"; };
		79BAA9A4291AE8D400C5636E /* PostThemePickerViewCell.swift */ = {isa = PBXFileReference; lastKnownFileType = sourcecode.swift; path = PostThemePickerViewCell.swift; sourceTree = "<group>"; };
		79BAA9A8291AED9500C5636E /* NSObject+.swift */ = {isa = PBXFileReference; lastKnownFileType = sourcecode.swift; path = "NSObject+.swift"; sourceTree = "<group>"; };
		79BAA9AE291B732F00C5636E /* PostThemePickerView.swift */ = {isa = PBXFileReference; lastKnownFileType = sourcecode.swift; path = PostThemePickerView.swift; sourceTree = "<group>"; };
		AB032A9F291E870300B22C13 /* IconSet.swift */ = {isa = PBXFileReference; fileEncoding = 4; lastKnownFileType = sourcecode.swift; path = IconSet.swift; sourceTree = "<group>"; };
		AB032AA1291E870900B22C13 /* BackgroundColorSet.swift */ = {isa = PBXFileReference; fileEncoding = 4; lastKnownFileType = sourcecode.swift; path = BackgroundColorSet.swift; sourceTree = "<group>"; };
		AB032AA3291E872400B22C13 /* String+.swift */ = {isa = PBXFileReference; fileEncoding = 4; lastKnownFileType = sourcecode.swift; path = "String+.swift"; sourceTree = "<group>"; };
		AB032AA8291E875900B22C13 /* SelectBackgroundColorCell.swift */ = {isa = PBXFileReference; fileEncoding = 4; lastKnownFileType = sourcecode.swift; path = SelectBackgroundColorCell.swift; sourceTree = "<group>"; };
		AB032AAA291E875E00B22C13 /* SelectIconCell.swift */ = {isa = PBXFileReference; fileEncoding = 4; lastKnownFileType = sourcecode.swift; path = SelectIconCell.swift; sourceTree = "<group>"; };
		AB04EA6629332AA300A9CDF0 /* PostData.swift */ = {isa = PBXFileReference; lastKnownFileType = sourcecode.swift; path = PostData.swift; sourceTree = "<group>"; };
		AB437580291A5B7900C3688D /* SetGroupNameWhileCreatingGroupViewController.swift */ = {isa = PBXFileReference; lastKnownFileType = sourcecode.swift; path = SetGroupNameWhileCreatingGroupViewController.swift; sourceTree = "<group>"; };
		ABA034402921969C00A50471 /* GroupDetailViewController.swift */ = {isa = PBXFileReference; lastKnownFileType = sourcecode.swift; path = GroupDetailViewController.swift; sourceTree = "<group>"; };
		ABA034452921BB0100A50471 /* RollingPaperPostAPI.swift */ = {isa = PBXFileReference; fileEncoding = 4; lastKnownFileType = sourcecode.swift; path = RollingPaperPostAPI.swift; sourceTree = "<group>"; };
		ABA034462921BB0100A50471 /* FirebaseStorageManager.swift */ = {isa = PBXFileReference; fileEncoding = 4; lastKnownFileType = sourcecode.swift; path = FirebaseStorageManager.swift; sourceTree = "<group>"; };
		ABB96EAA291AB381003C5B1D /* SetNicknameWhileCreatingGroupViewController.swift */ = {isa = PBXFileReference; lastKnownFileType = sourcecode.swift; path = SetNicknameWhileCreatingGroupViewController.swift; sourceTree = "<group>"; };
		ABB96EAD291AB754003C5B1D /* CreatingGroupInfo.swift */ = {isa = PBXFileReference; lastKnownFileType = sourcecode.swift; path = CreatingGroupInfo.swift; sourceTree = "<group>"; };
		ABB96EAF291ABB5D003C5B1D /* ConfirmGroupViewController.swift */ = {isa = PBXFileReference; lastKnownFileType = sourcecode.swift; path = ConfirmGroupViewController.swift; sourceTree = "<group>"; };
		ABB96EB2291AC71F003C5B1D /* ConfirmGroupCardView.swift */ = {isa = PBXFileReference; lastKnownFileType = sourcecode.swift; path = ConfirmGroupCardView.swift; sourceTree = "<group>"; };
		ABB96EB4291AF055003C5B1D /* GroupCodeSharingViewController.swift */ = {isa = PBXFileReference; lastKnownFileType = sourcecode.swift; path = GroupCodeSharingViewController.swift; sourceTree = "<group>"; };
		ABB96EB8291B69FA003C5B1D /* Date+.swift */ = {isa = PBXFileReference; lastKnownFileType = sourcecode.swift; path = "Date+.swift"; sourceTree = "<group>"; };
		ABB96EBA291B703A003C5B1D /* String+.swift */ = {isa = PBXFileReference; lastKnownFileType = sourcecode.swift; path = "String+.swift"; sourceTree = "<group>"; };
		ABB96EBD291BA0AE003C5B1D /* GroupCodeView.swift */ = {isa = PBXFileReference; lastKnownFileType = sourcecode.swift; path = GroupCodeView.swift; sourceTree = "<group>"; };
		ABB96EBF291C244E003C5B1D /* SetThemeViewController.swift */ = {isa = PBXFileReference; lastKnownFileType = sourcecode.swift; path = SetThemeViewController.swift; sourceTree = "<group>"; };
		ABCFC80C291FE32D006DB26B /* GroupWithThemeView.swift */ = {isa = PBXFileReference; lastKnownFileType = sourcecode.swift; path = GroupWithThemeView.swift; sourceTree = "<group>"; };
		ABCFC80E291FEAC7006DB26B /* Int+.swift */ = {isa = PBXFileReference; lastKnownFileType = sourcecode.swift; path = "Int+.swift"; sourceTree = "<group>"; };
		ABCFC81129201518006DB26B /* LoginViewController.swift */ = {isa = PBXFileReference; fileEncoding = 4; lastKnownFileType = sourcecode.swift; path = LoginViewController.swift; sourceTree = "<group>"; };
		ABCFC8322920158A006DB26B /* PostRollingPaperLayout.swift */ = {isa = PBXFileReference; fileEncoding = 4; lastKnownFileType = sourcecode.swift; path = PostRollingPaperLayout.swift; sourceTree = "<group>"; };
		ABCFC8342920158A006DB26B /* PostRollingPaperCollectionViewCell.swift */ = {isa = PBXFileReference; fileEncoding = 4; lastKnownFileType = sourcecode.swift; path = PostRollingPaperCollectionViewCell.swift; sourceTree = "<group>"; };
		ABCFC8362920158A006DB26B /* PostViewController.swift */ = {isa = PBXFileReference; fileEncoding = 4; lastKnownFileType = sourcecode.swift; path = PostViewController.swift; sourceTree = "<group>"; };
		ABDBD2BA291A3F97008FB3A6 /* Rollin_MVP.app */ = {isa = PBXFileReference; explicitFileType = wrapper.application; includeInIndex = 0; path = Rollin_MVP.app; sourceTree = BUILT_PRODUCTS_DIR; };
		ABDBD2BD291A3F97008FB3A6 /* AppDelegate.swift */ = {isa = PBXFileReference; lastKnownFileType = sourcecode.swift; path = AppDelegate.swift; sourceTree = "<group>"; };
		ABDBD2BF291A3F97008FB3A6 /* SceneDelegate.swift */ = {isa = PBXFileReference; lastKnownFileType = sourcecode.swift; path = SceneDelegate.swift; sourceTree = "<group>"; };
		ABDBD2C4291A3F97008FB3A6 /* Base */ = {isa = PBXFileReference; lastKnownFileType = file.storyboard; name = Base; path = Base.lproj/Main.storyboard; sourceTree = "<group>"; };
		ABDBD2C6291A3F99008FB3A6 /* Assets.xcassets */ = {isa = PBXFileReference; lastKnownFileType = folder.assetcatalog; path = Assets.xcassets; sourceTree = "<group>"; };
		ABDBD2C9291A3F99008FB3A6 /* Base */ = {isa = PBXFileReference; lastKnownFileType = file.storyboard; name = Base; path = Base.lproj/LaunchScreen.storyboard; sourceTree = "<group>"; };
		ABDBD2CB291A3F99008FB3A6 /* Info.plist */ = {isa = PBXFileReference; lastKnownFileType = text.plist.xml; path = Info.plist; sourceTree = "<group>"; };
		ABDBD2D0291A3F99008FB3A6 /* Rollin_MVPTests.xctest */ = {isa = PBXFileReference; explicitFileType = wrapper.cfbundle; includeInIndex = 0; path = Rollin_MVPTests.xctest; sourceTree = BUILT_PRODUCTS_DIR; };
		ABDBD2D4291A3F99008FB3A6 /* Rollin_MVPTests.swift */ = {isa = PBXFileReference; lastKnownFileType = sourcecode.swift; path = Rollin_MVPTests.swift; sourceTree = "<group>"; };
		ABDBD2DA291A3F99008FB3A6 /* Rollin_MVPUITests.xctest */ = {isa = PBXFileReference; explicitFileType = wrapper.cfbundle; includeInIndex = 0; path = Rollin_MVPUITests.xctest; sourceTree = BUILT_PRODUCTS_DIR; };
		ABDBD2DE291A3F99008FB3A6 /* Rollin_MVPUITests.swift */ = {isa = PBXFileReference; lastKnownFileType = sourcecode.swift; path = Rollin_MVPUITests.swift; sourceTree = "<group>"; };
		ABDBD2E0291A3F99008FB3A6 /* Rollin_MVPUITestsLaunchTests.swift */ = {isa = PBXFileReference; lastKnownFileType = sourcecode.swift; path = Rollin_MVPUITestsLaunchTests.swift; sourceTree = "<group>"; };
		ABF45DF929445B9000D96CC4 /* GoogleService-Info.plist */ = {isa = PBXFileReference; fileEncoding = 4; lastKnownFileType = text.plist.xml; path = "GoogleService-Info.plist"; sourceTree = "<group>"; };
		F64694F82921A4BB0094CB68 /* FirebaseStorageManager.swift */ = {isa = PBXFileReference; fileEncoding = 4; lastKnownFileType = sourcecode.swift; name = FirebaseStorageManager.swift; path = API/FirebaseStorageManager.swift; sourceTree = "<group>"; };
		F65517502920C89D00B09405 /* NSTextAttachment+.swift */ = {isa = PBXFileReference; lastKnownFileType = sourcecode.swift; path = "NSTextAttachment+.swift"; sourceTree = "<group>"; };
		F663324A292033F300A7310A /* SetNickNameWhileLoginViewController.swift */ = {isa = PBXFileReference; fileEncoding = 4; lastKnownFileType = sourcecode.swift; path = SetNickNameWhileLoginViewController.swift; sourceTree = "<group>"; };
		F663324C292034D100A7310A /* Image+.swift */ = {isa = PBXFileReference; lastKnownFileType = sourcecode.swift; path = "Image+.swift"; sourceTree = "<group>"; };
		F663324E2920398200A7310A /* UITextField+.swift */ = {isa = PBXFileReference; lastKnownFileType = sourcecode.swift; path = "UITextField+.swift"; sourceTree = "<group>"; };
		F6667F2F29219FD000CD480F /* RollingPaperPostAPI.swift */ = {isa = PBXFileReference; fileEncoding = 4; lastKnownFileType = sourcecode.swift; name = RollingPaperPostAPI.swift; path = API/RollingPaperPostAPI.swift; sourceTree = "<group>"; };
		F6F411E1291FBA55007094DE /* Rollin_MVP.entitlements */ = {isa = PBXFileReference; lastKnownFileType = text.plist.entitlements; path = Rollin_MVP.entitlements; sourceTree = "<group>"; };
/* End PBXFileReference section */

/* Begin PBXFrameworksBuildPhase section */
		ABDBD2B7291A3F97008FB3A6 /* Frameworks */ = {
			isa = PBXFrameworksBuildPhase;
			buildActionMask = 2147483647;
			files = (
				F8173D21291A521400E545E0 /* FirebaseDatabaseSwift in Frameworks */,
				F8173D23291A521400E545E0 /* FirebaseFirestore in Frameworks */,
				F8173D2B291A521400E545E0 /* FirebaseStorageCombine-Community in Frameworks */,
				F8173D1F291A521400E545E0 /* FirebaseDatabase in Frameworks */,
				F8173D25291A521400E545E0 /* FirebaseFirestoreCombine-Community in Frameworks */,
				F8173D29291A521400E545E0 /* FirebaseStorage in Frameworks */,
				F8173D1D291A521400E545E0 /* FirebaseAuth in Frameworks */,
				F8173D27291A521400E545E0 /* FirebaseFirestoreSwift in Frameworks */,
				ABA0343E2921946000A50471 /* VerticalCardSwiper in Frameworks */,
			);
			runOnlyForDeploymentPostprocessing = 0;
		};
		ABDBD2CD291A3F99008FB3A6 /* Frameworks */ = {
			isa = PBXFrameworksBuildPhase;
			buildActionMask = 2147483647;
			files = (
			);
			runOnlyForDeploymentPostprocessing = 0;
		};
		ABDBD2D7291A3F99008FB3A6 /* Frameworks */ = {
			isa = PBXFrameworksBuildPhase;
			buildActionMask = 2147483647;
			files = (
			);
			runOnlyForDeploymentPostprocessing = 0;
		};
/* End PBXFrameworksBuildPhase section */

/* Begin PBXGroup section */
		2A49A12A292E5D8000897379 /* Base */ = {
			isa = PBXGroup;
			children = (
				2A49A12B292E5DE100897379 /* GroupBaseViewController.swift */,
			);
			path = Base;
			sourceTree = "<group>";
		};
		2AF4684E291E1E9E00AB2DE4 /* DetailRollingPaper */ = {
			isa = PBXGroup;
			children = (
				2AF46851291E1F6200AB2DE4 /* DetailRollingPaperViewController.swift */,
				2AF46853291E20E300AB2DE4 /* DetailPostLabelCollectionViewCell.swift */,
				79B38A822922E62100F084E3 /* DetailPostImageCollectionViewCell.swift */,
			);
			path = DetailRollingPaper;
			sourceTree = "<group>";
		};
		79340B2C292171AD0097D111 /* AppMain */ = {
			isa = PBXGroup;
			children = (
				79340B2D292171AD0097D111 /* MainViewController.swift */,
				79340B2E292171AD0097D111 /* ViewComponents */,
			);
			path = AppMain;
			sourceTree = "<group>";
		};
		79340B2E292171AD0097D111 /* ViewComponents */ = {
			isa = PBXGroup;
			children = (
				79340B30292171AD0097D111 /* AddGroupButtonBackgroundView.swift */,
				79340B34292171BD0097D111 /* MainGroupCardViewCell.swift */,
			);
			path = ViewComponents;
			sourceTree = "<group>";
		};
		79340B38292172390097D111 /* ParticipateGroup */ = {
			isa = PBXGroup;
			children = (
				79340B39292172580097D111 /* ConfirmGroupWhileParticipateViewController.swift */,
				79340B3B292172760097D111 /* SearchGroupWithCodeViewController.swift */,
				79340B3D292172990097D111 /* SetNicknameWhileParticipateViewController.swift */,
				79340B3F292173260097D111 /* ViewComponents */,
			);
			path = ParticipateGroup;
			sourceTree = "<group>";
		};
		79340B3F292173260097D111 /* ViewComponents */ = {
			isa = PBXGroup;
			children = (
				79340B40292173380097D111 /* ParticipateGroupConfirmCardView.swift */,
			);
			path = ViewComponents;
			sourceTree = "<group>";
		};
		79675CA929333C740049533E /* Setting */ = {
			isa = PBXGroup;
			children = (
				79675CAA29333CAB0049533E /* SettingViewController.swift */,
				2A49A1352933C93E00897379 /* ResetNicknameViewController.swift */,
				2A49A1372933C9E800897379 /* AppInfoWebViewController.swift */,
				2A49A13C293489E500897379 /* Reachability.swift */,
				79675CAC29333E030049533E /* ViewComponents */,
			);
			path = Setting;
			sourceTree = "<group>";
		};
		79675CAC29333E030049533E /* ViewComponents */ = {
			isa = PBXGroup;
			children = (
				79675CAD29333E330049533E /* SettingTableViewCell.swift */,
			);
			path = ViewComponents;
			sourceTree = "<group>";
		};
		79BAA9A0291AE4BC00C5636E /* WriteRollingPaper */ = {
			isa = PBXGroup;
			children = (
				79BAA9A1291AE53000C5636E /* WriteRollingPaperViewController.swift */,
				79BAA9A3291AE85B00C5636E /* ViewComponents */,
			);
			path = WriteRollingPaper;
			sourceTree = "<group>";
		};
		79BAA9A3291AE85B00C5636E /* ViewComponents */ = {
			isa = PBXGroup;
			children = (
				79BAA9A4291AE8D400C5636E /* PostThemePickerViewCell.swift */,
				79BAA9AE291B732F00C5636E /* PostThemePickerView.swift */,
				79A9100C291B84B700A0672F /* PostView.swift */,
			);
			path = ViewComponents;
			sourceTree = "<group>";
		};
		AB032A9E291E86C600B22C13 /* Recovered References */ = {
			isa = PBXGroup;
			children = (
				ABB96EBA291B703A003C5B1D /* String+.swift */,
				790FF81C291E7195004BDA20 /* RollingPaperPostAPI.swift */,
				790FF81E291ED661004BDA20 /* FirebaseStorageManager.swift */,
			);
			name = "Recovered References";
			sourceTree = "<group>";
		};
		AB43757F291A5B5D00C3688D /* CreateGroup */ = {
			isa = PBXGroup;
			children = (
				AB437580291A5B7900C3688D /* SetGroupNameWhileCreatingGroupViewController.swift */,
				ABB96EAA291AB381003C5B1D /* SetNicknameWhileCreatingGroupViewController.swift */,
				ABB96EBF291C244E003C5B1D /* SetThemeViewController.swift */,
				ABB96EAF291ABB5D003C5B1D /* ConfirmGroupViewController.swift */,
				ABB96EB4291AF055003C5B1D /* GroupCodeSharingViewController.swift */,
				ABB96EB1291AC6ED003C5B1D /* ViewComponents */,
			);
			path = CreateGroup;
			sourceTree = "<group>";
		};
		AB7E6B0629201795001F6716 /* PostRollingPaper */ = {
			isa = PBXGroup;
			children = (
				AB04EA6629332AA300A9CDF0 /* PostData.swift */,
			);
			path = PostRollingPaper;
			sourceTree = "<group>";
		};
		ABA0343F2921968400A50471 /* GroupDetailView */ = {
			isa = PBXGroup;
			children = (
				ABA034402921969C00A50471 /* GroupDetailViewController.swift */,
			);
			path = GroupDetailView;
			sourceTree = "<group>";
		};
		ABA034442921BB0100A50471 /* API */ = {
			isa = PBXGroup;
			children = (
				ABA034452921BB0100A50471 /* RollingPaperPostAPI.swift */,
				ABA034462921BB0100A50471 /* FirebaseStorageManager.swift */,
			);
			path = API;
			sourceTree = "<group>";
		};
		ABB96EAC291AB71B003C5B1D /* CreatingGroup */ = {
			isa = PBXGroup;
			children = (
				ABB96EAD291AB754003C5B1D /* CreatingGroupInfo.swift */,
				AB032A9F291E870300B22C13 /* IconSet.swift */,
				AB032AA1291E870900B22C13 /* BackgroundColorSet.swift */,
			);
			path = CreatingGroup;
			sourceTree = "<group>";
		};
		ABB96EB1291AC6ED003C5B1D /* ViewComponents */ = {
			isa = PBXGroup;
			children = (
				ABCFC80C291FE32D006DB26B /* GroupWithThemeView.swift */,
				ABB96EB2291AC71F003C5B1D /* ConfirmGroupCardView.swift */,
				ABB96EBD291BA0AE003C5B1D /* GroupCodeView.swift */,
				AB032AA8291E875900B22C13 /* SelectBackgroundColorCell.swift */,
				AB032AAA291E875E00B22C13 /* SelectIconCell.swift */,
			);
			path = ViewComponents;
			sourceTree = "<group>";
		};
		ABB96EB6291B69DF003C5B1D /* Global */ = {
			isa = PBXGroup;
			children = (
				ABB96EB7291B69E9003C5B1D /* Extension+ */,
			);
			path = Global;
			sourceTree = "<group>";
		};
		ABB96EB7291B69E9003C5B1D /* Extension+ */ = {
			isa = PBXGroup;
			children = (
				ABB96EB8291B69FA003C5B1D /* Date+.swift */,
				79A91010291C091B00A0672F /* Alert+.swift */,
				79BAA9A8291AED9500C5636E /* NSObject+.swift */,
				7980D12D291C3F3F00915C72 /* UIColor+.swift */,
				790FF813291E5733004BDA20 /* UIViewController+.swift */,
				AB032AA3291E872400B22C13 /* String+.swift */,
				ABCFC80E291FEAC7006DB26B /* Int+.swift */,
				F663324C292034D100A7310A /* Image+.swift */,
				F663324E2920398200A7310A /* UITextField+.swift */,
				F65517502920C89D00B09405 /* NSTextAttachment+.swift */,
			);
			path = "Extension+";
			sourceTree = "<group>";
		};
		ABCFC81029201518006DB26B /* LoginView */ = {
			isa = PBXGroup;
			children = (
				ABCFC81129201518006DB26B /* LoginViewController.swift */,
			);
			name = LoginView;
			path = Rollin_MVP/Screens/LoginView;
			sourceTree = SOURCE_ROOT;
		};
		ABCFC8302920158A006DB26B /* PostRollingPaper */ = {
			isa = PBXGroup;
			children = (
				ABCFC8322920158A006DB26B /* PostRollingPaperLayout.swift */,
				ABCFC8342920158A006DB26B /* PostRollingPaperCollectionViewCell.swift */,
				ABCFC8362920158A006DB26B /* PostViewController.swift */,
			);
			path = PostRollingPaper;
			sourceTree = "<group>";
		};
		ABDBD2B1291A3F97008FB3A6 = {
			isa = PBXGroup;
			children = (
				ABDBD2BC291A3F97008FB3A6 /* Rollin_MVP */,
				ABDBD2D3291A3F99008FB3A6 /* Rollin_MVPTests */,
				ABDBD2DD291A3F99008FB3A6 /* Rollin_MVPUITests */,
				ABDBD2BB291A3F97008FB3A6 /* Products */,
				AB032A9E291E86C600B22C13 /* Recovered References */,
			);
			sourceTree = "<group>";
		};
		ABDBD2BB291A3F97008FB3A6 /* Products */ = {
			isa = PBXGroup;
			children = (
				ABDBD2BA291A3F97008FB3A6 /* Rollin_MVP.app */,
				ABDBD2D0291A3F99008FB3A6 /* Rollin_MVPTests.xctest */,
				ABDBD2DA291A3F99008FB3A6 /* Rollin_MVPUITests.xctest */,
			);
			name = Products;
			sourceTree = "<group>";
		};
		ABDBD2BC291A3F97008FB3A6 /* Rollin_MVP */ = {
			isa = PBXGroup;
			children = (
				F6667F2A2921762A00CD480F /* Firebase */,
				F6F411E1291FBA55007094DE /* Rollin_MVP.entitlements */,
				ABB96EB6291B69DF003C5B1D /* Global */,
				ABDBD2ED291A42DA008FB3A6 /* App */,
				ABDBD2EE291A42F4008FB3A6 /* Model */,
				ABDBD2EF291A4307008FB3A6 /* Screens */,
				ABDBD2F0291A434E008FB3A6 /* Resources */,
				ABDBD2CB291A3F99008FB3A6 /* Info.plist */,
			);
			path = Rollin_MVP;
			sourceTree = "<group>";
		};
		ABDBD2D3291A3F99008FB3A6 /* Rollin_MVPTests */ = {
			isa = PBXGroup;
			children = (
				ABDBD2D4291A3F99008FB3A6 /* Rollin_MVPTests.swift */,
			);
			path = Rollin_MVPTests;
			sourceTree = "<group>";
		};
		ABDBD2DD291A3F99008FB3A6 /* Rollin_MVPUITests */ = {
			isa = PBXGroup;
			children = (
				ABDBD2DE291A3F99008FB3A6 /* Rollin_MVPUITests.swift */,
				ABDBD2E0291A3F99008FB3A6 /* Rollin_MVPUITestsLaunchTests.swift */,
			);
			path = Rollin_MVPUITests;
			sourceTree = "<group>";
		};
		ABDBD2ED291A42DA008FB3A6 /* App */ = {
			isa = PBXGroup;
			children = (
				ABDBD2BD291A3F97008FB3A6 /* AppDelegate.swift */,
				ABDBD2BF291A3F97008FB3A6 /* SceneDelegate.swift */,
				ABDBD2C8291A3F99008FB3A6 /* LaunchScreen.storyboard */,
			);
			path = App;
			sourceTree = "<group>";
		};
		ABDBD2EE291A42F4008FB3A6 /* Model */ = {
			isa = PBXGroup;
			children = (
				AB7E6B0629201795001F6716 /* PostRollingPaper */,
				ABB96EAC291AB71B003C5B1D /* CreatingGroup */,
				79340B26292171130097D111 /* Group.swift */,
				79340B4A2921AA330097D111 /* RollingPaperInfo.swift */,
				79340B28292171420097D111 /* ParticipateGroupInfo.swift */,
			);
			path = Model;
			sourceTree = "<group>";
		};
		ABDBD2EF291A4307008FB3A6 /* Screens */ = {
			isa = PBXGroup;
			children = (
				ABDBD2C3291A3F97008FB3A6 /* Main.storyboard */,
				2A49A12A292E5D8000897379 /* Base */,
				79340B2C292171AD0097D111 /* AppMain */,
				ABA0343F2921968400A50471 /* GroupDetailView */,
				79340B38292172390097D111 /* ParticipateGroup */,
				79675CA929333C740049533E /* Setting */,
				F6633249292033F300A7310A /* LoginSetNickName */,
				ABCFC8302920158A006DB26B /* PostRollingPaper */,
				ABCFC81029201518006DB26B /* LoginView */,
				2AF4684E291E1E9E00AB2DE4 /* DetailRollingPaper */,
				AB43757F291A5B5D00C3688D /* CreateGroup */,
				79BAA9A0291AE4BC00C5636E /* WriteRollingPaper */,
			);
			path = Screens;
			sourceTree = "<group>";
		};
		ABDBD2F0291A434E008FB3A6 /* Resources */ = {
			isa = PBXGroup;
			children = (
				ABDBD2C6291A3F99008FB3A6 /* Assets.xcassets */,
			);
			path = Resources;
			sourceTree = "<group>";
		};
		F6633249292033F300A7310A /* LoginSetNickName */ = {
			isa = PBXGroup;
			children = (
				F663324A292033F300A7310A /* SetNickNameWhileLoginViewController.swift */,
			);
			name = LoginSetNickName;
			path = Rollin_MVP/Screens/LoginSetNickName;
			sourceTree = SOURCE_ROOT;
		};
		F6667F2A2921762A00CD480F /* Firebase */ = {
			isa = PBXGroup;
			children = (
				F6667F2F29219FD000CD480F /* RollingPaperPostAPI.swift */,
				F64694F82921A4BB0094CB68 /* FirebaseStorageManager.swift */,
				ABF45DF929445B9000D96CC4 /* GoogleService-Info.plist */,
				ABA034442921BB0100A50471 /* API */,
			);
			path = Firebase;
			sourceTree = "<group>";
		};
/* End PBXGroup section */

/* Begin PBXNativeTarget section */
		ABDBD2B9291A3F97008FB3A6 /* Rollin_MVP */ = {
			isa = PBXNativeTarget;
			buildConfigurationList = ABDBD2E4291A3F99008FB3A6 /* Build configuration list for PBXNativeTarget "Rollin_MVP" */;
			buildPhases = (
				ABDBD2B6291A3F97008FB3A6 /* Sources */,
				ABDBD2B7291A3F97008FB3A6 /* Frameworks */,
				ABDBD2B8291A3F97008FB3A6 /* Resources */,
			);
			buildRules = (
			);
			dependencies = (
			);
			name = Rollin_MVP;
			packageProductDependencies = (
				F8173D1C291A521400E545E0 /* FirebaseAuth */,
				F8173D1E291A521400E545E0 /* FirebaseDatabase */,
				F8173D20291A521400E545E0 /* FirebaseDatabaseSwift */,
				F8173D22291A521400E545E0 /* FirebaseFirestore */,
				F8173D24291A521400E545E0 /* FirebaseFirestoreCombine-Community */,
				F8173D26291A521400E545E0 /* FirebaseFirestoreSwift */,
				F8173D28291A521400E545E0 /* FirebaseStorage */,
				F8173D2A291A521400E545E0 /* FirebaseStorageCombine-Community */,
				ABA0343D2921946000A50471 /* VerticalCardSwiper */,
			);
			productName = Rollin_MVP;
			productReference = ABDBD2BA291A3F97008FB3A6 /* Rollin_MVP.app */;
			productType = "com.apple.product-type.application";
		};
		ABDBD2CF291A3F99008FB3A6 /* Rollin_MVPTests */ = {
			isa = PBXNativeTarget;
			buildConfigurationList = ABDBD2E7291A3F99008FB3A6 /* Build configuration list for PBXNativeTarget "Rollin_MVPTests" */;
			buildPhases = (
				ABDBD2CC291A3F99008FB3A6 /* Sources */,
				ABDBD2CD291A3F99008FB3A6 /* Frameworks */,
				ABDBD2CE291A3F99008FB3A6 /* Resources */,
			);
			buildRules = (
			);
			dependencies = (
				ABDBD2D2291A3F99008FB3A6 /* PBXTargetDependency */,
			);
			name = Rollin_MVPTests;
			productName = Rollin_MVPTests;
			productReference = ABDBD2D0291A3F99008FB3A6 /* Rollin_MVPTests.xctest */;
			productType = "com.apple.product-type.bundle.unit-test";
		};
		ABDBD2D9291A3F99008FB3A6 /* Rollin_MVPUITests */ = {
			isa = PBXNativeTarget;
			buildConfigurationList = ABDBD2EA291A3F99008FB3A6 /* Build configuration list for PBXNativeTarget "Rollin_MVPUITests" */;
			buildPhases = (
				ABDBD2D6291A3F99008FB3A6 /* Sources */,
				ABDBD2D7291A3F99008FB3A6 /* Frameworks */,
				ABDBD2D8291A3F99008FB3A6 /* Resources */,
			);
			buildRules = (
			);
			dependencies = (
				ABDBD2DC291A3F99008FB3A6 /* PBXTargetDependency */,
			);
			name = Rollin_MVPUITests;
			productName = Rollin_MVPUITests;
			productReference = ABDBD2DA291A3F99008FB3A6 /* Rollin_MVPUITests.xctest */;
			productType = "com.apple.product-type.bundle.ui-testing";
		};
/* End PBXNativeTarget section */

/* Begin PBXProject section */
		ABDBD2B2291A3F97008FB3A6 /* Project object */ = {
			isa = PBXProject;
			attributes = {
				BuildIndependentTargetsInParallel = 1;
				LastSwiftUpdateCheck = 1400;
				LastUpgradeCheck = 1400;
				TargetAttributes = {
					ABDBD2B9291A3F97008FB3A6 = {
						CreatedOnToolsVersion = 14.0.1;
					};
					ABDBD2CF291A3F99008FB3A6 = {
						CreatedOnToolsVersion = 14.0.1;
						TestTargetID = ABDBD2B9291A3F97008FB3A6;
					};
					ABDBD2D9291A3F99008FB3A6 = {
						CreatedOnToolsVersion = 14.0.1;
						TestTargetID = ABDBD2B9291A3F97008FB3A6;
					};
				};
			};
			buildConfigurationList = ABDBD2B5291A3F97008FB3A6 /* Build configuration list for PBXProject "Rollin_MVP" */;
			compatibilityVersion = "Xcode 14.0";
			developmentRegion = en;
			hasScannedForEncodings = 0;
			knownRegions = (
				en,
				Base,
			);
			mainGroup = ABDBD2B1291A3F97008FB3A6;
			packageReferences = (
				F8173D1B291A521400E545E0 /* XCRemoteSwiftPackageReference "firebase-ios-sdk" */,
				ABA0343C2921946000A50471 /* XCRemoteSwiftPackageReference "VerticalCardSwiper" */,
			);
			productRefGroup = ABDBD2BB291A3F97008FB3A6 /* Products */;
			projectDirPath = "";
			projectRoot = "";
			targets = (
				ABDBD2B9291A3F97008FB3A6 /* Rollin_MVP */,
				ABDBD2CF291A3F99008FB3A6 /* Rollin_MVPTests */,
				ABDBD2D9291A3F99008FB3A6 /* Rollin_MVPUITests */,
			);
		};
/* End PBXProject section */

/* Begin PBXResourcesBuildPhase section */
		ABDBD2B8291A3F97008FB3A6 /* Resources */ = {
			isa = PBXResourcesBuildPhase;
			buildActionMask = 2147483647;
			files = (
				ABDBD2CA291A3F99008FB3A6 /* LaunchScreen.storyboard in Resources */,
				ABF45DFA29445B9000D96CC4 /* GoogleService-Info.plist in Resources */,
				ABDBD2C7291A3F99008FB3A6 /* Assets.xcassets in Resources */,
				ABDBD2C5291A3F97008FB3A6 /* Main.storyboard in Resources */,
			);
			runOnlyForDeploymentPostprocessing = 0;
		};
		ABDBD2CE291A3F99008FB3A6 /* Resources */ = {
			isa = PBXResourcesBuildPhase;
			buildActionMask = 2147483647;
			files = (
			);
			runOnlyForDeploymentPostprocessing = 0;
		};
		ABDBD2D8291A3F99008FB3A6 /* Resources */ = {
			isa = PBXResourcesBuildPhase;
			buildActionMask = 2147483647;
			files = (
			);
			runOnlyForDeploymentPostprocessing = 0;
		};
/* End PBXResourcesBuildPhase section */

/* Begin PBXSourcesBuildPhase section */
		ABDBD2B6291A3F97008FB3A6 /* Sources */ = {
			isa = PBXSourcesBuildPhase;
			buildActionMask = 2147483647;
			files = (
				79675CAB29333CAB0049533E /* SettingViewController.swift in Sources */,
				AB437581291A5B7900C3688D /* SetGroupNameWhileCreatingGroupViewController.swift in Sources */,
				79B38A832922E62100F084E3 /* DetailPostImageCollectionViewCell.swift in Sources */,
				AB032AA9291E875900B22C13 /* SelectBackgroundColorCell.swift in Sources */,
				79340B33292171AD0097D111 /* AddGroupButtonBackgroundView.swift in Sources */,
				ABCFC8392920158A006DB26B /* PostViewController.swift in Sources */,
				AB04EA6729332AA300A9CDF0 /* PostData.swift in Sources */,
				79675CAE29333E330049533E /* SettingTableViewCell.swift in Sources */,
				F663324F2920398200A7310A /* UITextField+.swift in Sources */,
				2AF46852291E1F6200AB2DE4 /* DetailRollingPaperViewController.swift in Sources */,
				ABB96EB9291B69FA003C5B1D /* Date+.swift in Sources */,
				79340B3A292172580097D111 /* ConfirmGroupWhileParticipateViewController.swift in Sources */,
				2A49A1362933C93F00897379 /* ResetNicknameViewController.swift in Sources */,
				ABB96EBE291BA0AE003C5B1D /* GroupCodeView.swift in Sources */,
				ABB96EAE291AB754003C5B1D /* CreatingGroupInfo.swift in Sources */,
				79340B41292173380097D111 /* ParticipateGroupConfirmCardView.swift in Sources */,
				ABA034482921BB0100A50471 /* FirebaseStorageManager.swift in Sources */,
				2A49A12C292E5DE100897379 /* GroupBaseViewController.swift in Sources */,
				ABCFC80D291FE32D006DB26B /* GroupWithThemeView.swift in Sources */,
				AB032AA2291E870900B22C13 /* BackgroundColorSet.swift in Sources */,
				79340B4B2921AA330097D111 /* RollingPaperInfo.swift in Sources */,
				79340B31292171AD0097D111 /* MainViewController.swift in Sources */,
				79340B29292171420097D111 /* ParticipateGroupInfo.swift in Sources */,
				79340B27292171130097D111 /* Group.swift in Sources */,
				79340B35292171BD0097D111 /* MainGroupCardViewCell.swift in Sources */,
				ABB96EC0291C244E003C5B1D /* SetThemeViewController.swift in Sources */,
				ABB96EAB291AB381003C5B1D /* SetNicknameWhileCreatingGroupViewController.swift in Sources */,
				2A49A1382933C9E800897379 /* AppInfoWebViewController.swift in Sources */,
				79340B3C292172760097D111 /* SearchGroupWithCodeViewController.swift in Sources */,
				790FF814291E5733004BDA20 /* UIViewController+.swift in Sources */,
				ABB96EB3291AC71F003C5B1D /* ConfirmGroupCardView.swift in Sources */,
				ABB96EB0291ABB5D003C5B1D /* ConfirmGroupViewController.swift in Sources */,
				AB032AAB291E875E00B22C13 /* SelectIconCell.swift in Sources */,
				ABCFC8382920158A006DB26B /* PostRollingPaperCollectionViewCell.swift in Sources */,
				79340B3E292172990097D111 /* SetNicknameWhileParticipateViewController.swift in Sources */,
				F6667F3029219FD000CD480F /* RollingPaperPostAPI.swift in Sources */,
				AB437581291A5B7900C3688D /* SetGroupNameWhileCreatingGroupViewController.swift in Sources */,
				79BAA9A5291AE8D400C5636E /* PostThemePickerViewCell.swift in Sources */,
				79BAA9A2291AE53100C5636E /* WriteRollingPaperViewController.swift in Sources */,
				ABCFC81229201518006DB26B /* LoginViewController.swift in Sources */,
				79A91011291C091B00A0672F /* Alert+.swift in Sources */,
				F65517512920C89D00B09405 /* NSTextAttachment+.swift in Sources */,
				ABB96EB5291AF055003C5B1D /* GroupCodeSharingViewController.swift in Sources */,
				2AF46854291E20E300AB2DE4 /* DetailPostLabelCollectionViewCell.swift in Sources */,
				ABDBD2BE291A3F97008FB3A6 /* AppDelegate.swift in Sources */,
				AB032AA0291E870300B22C13 /* IconSet.swift in Sources */,
				ABDBD2C0291A3F97008FB3A6 /* SceneDelegate.swift in Sources */,
				ABA034412921969C00A50471 /* GroupDetailViewController.swift in Sources */,
				79BAA9AF291B732F00C5636E /* PostThemePickerView.swift in Sources */,
				ABA034472921BB0100A50471 /* RollingPaperPostAPI.swift in Sources */,
				ABCFC8372920158A006DB26B /* PostRollingPaperLayout.swift in Sources */,
				F64694F92921A4BB0094CB68 /* FirebaseStorageManager.swift in Sources */,
				ABCFC80F291FEAC7006DB26B /* Int+.swift in Sources */,
				79A9100D291B84B700A0672F /* PostView.swift in Sources */,
				79BAA9A9291AED9500C5636E /* NSObject+.swift in Sources */,
				AB032AA4291E872400B22C13 /* String+.swift in Sources */,
				F663324D292034D100A7310A /* Image+.swift in Sources */,
				F663324B292033F300A7310A /* SetNickNameWhileLoginViewController.swift in Sources */,
				2A49A13D293489E500897379 /* Reachability.swift in Sources */,
				7980D12E291C3F3F00915C72 /* UIColor+.swift in Sources */,
			);
			runOnlyForDeploymentPostprocessing = 0;
		};
		ABDBD2CC291A3F99008FB3A6 /* Sources */ = {
			isa = PBXSourcesBuildPhase;
			buildActionMask = 2147483647;
			files = (
				ABDBD2D5291A3F99008FB3A6 /* Rollin_MVPTests.swift in Sources */,
			);
			runOnlyForDeploymentPostprocessing = 0;
		};
		ABDBD2D6291A3F99008FB3A6 /* Sources */ = {
			isa = PBXSourcesBuildPhase;
			buildActionMask = 2147483647;
			files = (
				ABDBD2E1291A3F99008FB3A6 /* Rollin_MVPUITestsLaunchTests.swift in Sources */,
				ABDBD2DF291A3F99008FB3A6 /* Rollin_MVPUITests.swift in Sources */,
			);
			runOnlyForDeploymentPostprocessing = 0;
		};
/* End PBXSourcesBuildPhase section */

/* Begin PBXTargetDependency section */
		ABDBD2D2291A3F99008FB3A6 /* PBXTargetDependency */ = {
			isa = PBXTargetDependency;
			target = ABDBD2B9291A3F97008FB3A6 /* Rollin_MVP */;
			targetProxy = ABDBD2D1291A3F99008FB3A6 /* PBXContainerItemProxy */;
		};
		ABDBD2DC291A3F99008FB3A6 /* PBXTargetDependency */ = {
			isa = PBXTargetDependency;
			target = ABDBD2B9291A3F97008FB3A6 /* Rollin_MVP */;
			targetProxy = ABDBD2DB291A3F99008FB3A6 /* PBXContainerItemProxy */;
		};
/* End PBXTargetDependency section */

/* Begin PBXVariantGroup section */
		ABDBD2C3291A3F97008FB3A6 /* Main.storyboard */ = {
			isa = PBXVariantGroup;
			children = (
				ABDBD2C4291A3F97008FB3A6 /* Base */,
			);
			name = Main.storyboard;
			sourceTree = "<group>";
		};
		ABDBD2C8291A3F99008FB3A6 /* LaunchScreen.storyboard */ = {
			isa = PBXVariantGroup;
			children = (
				ABDBD2C9291A3F99008FB3A6 /* Base */,
			);
			name = LaunchScreen.storyboard;
			sourceTree = "<group>";
		};
/* End PBXVariantGroup section */

/* Begin XCBuildConfiguration section */
		ABDBD2E2291A3F99008FB3A6 /* Debug */ = {
			isa = XCBuildConfiguration;
			buildSettings = {
				ALWAYS_SEARCH_USER_PATHS = NO;
				CLANG_ANALYZER_NONNULL = YES;
				CLANG_ANALYZER_NUMBER_OBJECT_CONVERSION = YES_AGGRESSIVE;
				CLANG_CXX_LANGUAGE_STANDARD = "gnu++20";
				CLANG_ENABLE_MODULES = YES;
				CLANG_ENABLE_OBJC_ARC = YES;
				CLANG_ENABLE_OBJC_WEAK = YES;
				CLANG_WARN_BLOCK_CAPTURE_AUTORELEASING = YES;
				CLANG_WARN_BOOL_CONVERSION = YES;
				CLANG_WARN_COMMA = YES;
				CLANG_WARN_CONSTANT_CONVERSION = YES;
				CLANG_WARN_DEPRECATED_OBJC_IMPLEMENTATIONS = YES;
				CLANG_WARN_DIRECT_OBJC_ISA_USAGE = YES_ERROR;
				CLANG_WARN_DOCUMENTATION_COMMENTS = YES;
				CLANG_WARN_EMPTY_BODY = YES;
				CLANG_WARN_ENUM_CONVERSION = YES;
				CLANG_WARN_INFINITE_RECURSION = YES;
				CLANG_WARN_INT_CONVERSION = YES;
				CLANG_WARN_NON_LITERAL_NULL_CONVERSION = YES;
				CLANG_WARN_OBJC_IMPLICIT_RETAIN_SELF = YES;
				CLANG_WARN_OBJC_LITERAL_CONVERSION = YES;
				CLANG_WARN_OBJC_ROOT_CLASS = YES_ERROR;
				CLANG_WARN_QUOTED_INCLUDE_IN_FRAMEWORK_HEADER = YES;
				CLANG_WARN_RANGE_LOOP_ANALYSIS = YES;
				CLANG_WARN_STRICT_PROTOTYPES = YES;
				CLANG_WARN_SUSPICIOUS_MOVE = YES;
				CLANG_WARN_UNGUARDED_AVAILABILITY = YES_AGGRESSIVE;
				CLANG_WARN_UNREACHABLE_CODE = YES;
				CLANG_WARN__DUPLICATE_METHOD_MATCH = YES;
				COPY_PHASE_STRIP = NO;
				DEBUG_INFORMATION_FORMAT = dwarf;
				ENABLE_STRICT_OBJC_MSGSEND = YES;
				ENABLE_TESTABILITY = YES;
				GCC_C_LANGUAGE_STANDARD = gnu11;
				GCC_DYNAMIC_NO_PIC = NO;
				GCC_NO_COMMON_BLOCKS = YES;
				GCC_OPTIMIZATION_LEVEL = 0;
				GCC_PREPROCESSOR_DEFINITIONS = (
					"DEBUG=1",
					"$(inherited)",
				);
				GCC_WARN_64_TO_32_BIT_CONVERSION = YES;
				GCC_WARN_ABOUT_RETURN_TYPE = YES_ERROR;
				GCC_WARN_UNDECLARED_SELECTOR = YES;
				GCC_WARN_UNINITIALIZED_AUTOS = YES_AGGRESSIVE;
				GCC_WARN_UNUSED_FUNCTION = YES;
				GCC_WARN_UNUSED_VARIABLE = YES;
				IPHONEOS_DEPLOYMENT_TARGET = 16.0;
				MTL_ENABLE_DEBUG_INFO = INCLUDE_SOURCE;
				MTL_FAST_MATH = YES;
				ONLY_ACTIVE_ARCH = YES;
				SDKROOT = iphoneos;
				SWIFT_ACTIVE_COMPILATION_CONDITIONS = DEBUG;
				SWIFT_OPTIMIZATION_LEVEL = "-Onone";
			};
			name = Debug;
		};
		ABDBD2E3291A3F99008FB3A6 /* Release */ = {
			isa = XCBuildConfiguration;
			buildSettings = {
				ALWAYS_SEARCH_USER_PATHS = NO;
				CLANG_ANALYZER_NONNULL = YES;
				CLANG_ANALYZER_NUMBER_OBJECT_CONVERSION = YES_AGGRESSIVE;
				CLANG_CXX_LANGUAGE_STANDARD = "gnu++20";
				CLANG_ENABLE_MODULES = YES;
				CLANG_ENABLE_OBJC_ARC = YES;
				CLANG_ENABLE_OBJC_WEAK = YES;
				CLANG_WARN_BLOCK_CAPTURE_AUTORELEASING = YES;
				CLANG_WARN_BOOL_CONVERSION = YES;
				CLANG_WARN_COMMA = YES;
				CLANG_WARN_CONSTANT_CONVERSION = YES;
				CLANG_WARN_DEPRECATED_OBJC_IMPLEMENTATIONS = YES;
				CLANG_WARN_DIRECT_OBJC_ISA_USAGE = YES_ERROR;
				CLANG_WARN_DOCUMENTATION_COMMENTS = YES;
				CLANG_WARN_EMPTY_BODY = YES;
				CLANG_WARN_ENUM_CONVERSION = YES;
				CLANG_WARN_INFINITE_RECURSION = YES;
				CLANG_WARN_INT_CONVERSION = YES;
				CLANG_WARN_NON_LITERAL_NULL_CONVERSION = YES;
				CLANG_WARN_OBJC_IMPLICIT_RETAIN_SELF = YES;
				CLANG_WARN_OBJC_LITERAL_CONVERSION = YES;
				CLANG_WARN_OBJC_ROOT_CLASS = YES_ERROR;
				CLANG_WARN_QUOTED_INCLUDE_IN_FRAMEWORK_HEADER = YES;
				CLANG_WARN_RANGE_LOOP_ANALYSIS = YES;
				CLANG_WARN_STRICT_PROTOTYPES = YES;
				CLANG_WARN_SUSPICIOUS_MOVE = YES;
				CLANG_WARN_UNGUARDED_AVAILABILITY = YES_AGGRESSIVE;
				CLANG_WARN_UNREACHABLE_CODE = YES;
				CLANG_WARN__DUPLICATE_METHOD_MATCH = YES;
				COPY_PHASE_STRIP = NO;
				DEBUG_INFORMATION_FORMAT = "dwarf-with-dsym";
				ENABLE_NS_ASSERTIONS = NO;
				ENABLE_STRICT_OBJC_MSGSEND = YES;
				GCC_C_LANGUAGE_STANDARD = gnu11;
				GCC_NO_COMMON_BLOCKS = YES;
				GCC_WARN_64_TO_32_BIT_CONVERSION = YES;
				GCC_WARN_ABOUT_RETURN_TYPE = YES_ERROR;
				GCC_WARN_UNDECLARED_SELECTOR = YES;
				GCC_WARN_UNINITIALIZED_AUTOS = YES_AGGRESSIVE;
				GCC_WARN_UNUSED_FUNCTION = YES;
				GCC_WARN_UNUSED_VARIABLE = YES;
				IPHONEOS_DEPLOYMENT_TARGET = 16.0;
				MTL_ENABLE_DEBUG_INFO = NO;
				MTL_FAST_MATH = YES;
				SDKROOT = iphoneos;
				SWIFT_COMPILATION_MODE = wholemodule;
				SWIFT_OPTIMIZATION_LEVEL = "-O";
				VALIDATE_PRODUCT = YES;
			};
			name = Release;
		};
		ABDBD2E5291A3F99008FB3A6 /* Debug */ = {
			isa = XCBuildConfiguration;
			buildSettings = {
				ASSETCATALOG_COMPILER_APPICON_NAME = AppIcon;
				ASSETCATALOG_COMPILER_GLOBAL_ACCENT_COLOR_NAME = AccentColor;
				CODE_SIGN_ENTITLEMENTS = Rollin_MVP/Rollin_MVP.entitlements;
				CODE_SIGN_STYLE = Automatic;
				CURRENT_PROJECT_VERSION = 1;
				DEVELOPMENT_TEAM = 8QSTXVD8H9;
				GENERATE_INFOPLIST_FILE = YES;
				INFOPLIST_FILE = Rollin_MVP/Info.plist;
				INFOPLIST_KEY_CFBundleDisplayName = "롤인";
				INFOPLIST_KEY_LSApplicationCategoryType = "public.app-category.entertainment";
				INFOPLIST_KEY_NSCameraUsageDescription = "";
				INFOPLIST_KEY_NSPhotoLibraryUsageDescription = "";
				INFOPLIST_KEY_UIApplicationSupportsIndirectInputEvents = YES;
				INFOPLIST_KEY_UILaunchStoryboardName = LaunchScreen;
				INFOPLIST_KEY_UIMainStoryboardFile = Main;
				INFOPLIST_KEY_UISupportedInterfaceOrientations = UIInterfaceOrientationPortrait;
				INFOPLIST_KEY_UISupportedInterfaceOrientations_iPad = "UIInterfaceOrientationLandscapeLeft UIInterfaceOrientationLandscapeRight UIInterfaceOrientationPortrait UIInterfaceOrientationPortraitUpsideDown";
				INFOPLIST_KEY_UIUserInterfaceStyle = Light;
				IPHONEOS_DEPLOYMENT_TARGET = 15.0;
				LD_RUNPATH_SEARCH_PATHS = (
					"$(inherited)",
					"@executable_path/Frameworks",
				);
				MARKETING_VERSION = 1.1;
				PRODUCT_BUNDLE_IDENTIFIER = com.chillijo.RollinMVP;
				PRODUCT_NAME = "$(TARGET_NAME)";
				SUPPORTED_PLATFORMS = "iphoneos iphonesimulator";
				SUPPORTS_MACCATALYST = NO;
				SUPPORTS_MAC_DESIGNED_FOR_IPHONE_IPAD = NO;
				SWIFT_EMIT_LOC_STRINGS = YES;
				SWIFT_VERSION = 5.0;
				TARGETED_DEVICE_FAMILY = 1;
			};
			name = Debug;
		};
		ABDBD2E6291A3F99008FB3A6 /* Release */ = {
			isa = XCBuildConfiguration;
			buildSettings = {
				ASSETCATALOG_COMPILER_APPICON_NAME = AppIcon;
				ASSETCATALOG_COMPILER_GLOBAL_ACCENT_COLOR_NAME = AccentColor;
				CODE_SIGN_ENTITLEMENTS = Rollin_MVP/Rollin_MVP.entitlements;
				CODE_SIGN_STYLE = Automatic;
				CURRENT_PROJECT_VERSION = 1;
				DEVELOPMENT_TEAM = 8QSTXVD8H9;
				GENERATE_INFOPLIST_FILE = YES;
				INFOPLIST_FILE = Rollin_MVP/Info.plist;
				INFOPLIST_KEY_CFBundleDisplayName = "롤인";
				INFOPLIST_KEY_LSApplicationCategoryType = "public.app-category.entertainment";
				INFOPLIST_KEY_NSCameraUsageDescription = "";
				INFOPLIST_KEY_NSPhotoLibraryUsageDescription = "";
				INFOPLIST_KEY_UIApplicationSupportsIndirectInputEvents = YES;
				INFOPLIST_KEY_UILaunchStoryboardName = LaunchScreen;
				INFOPLIST_KEY_UIMainStoryboardFile = Main;
				INFOPLIST_KEY_UISupportedInterfaceOrientations = UIInterfaceOrientationPortrait;
				INFOPLIST_KEY_UISupportedInterfaceOrientations_iPad = "UIInterfaceOrientationLandscapeLeft UIInterfaceOrientationLandscapeRight UIInterfaceOrientationPortrait UIInterfaceOrientationPortraitUpsideDown";
				INFOPLIST_KEY_UIUserInterfaceStyle = Light;
				IPHONEOS_DEPLOYMENT_TARGET = 15.0;
				LD_RUNPATH_SEARCH_PATHS = (
					"$(inherited)",
					"@executable_path/Frameworks",
				);
				MARKETING_VERSION = 1.1;
				PRODUCT_BUNDLE_IDENTIFIER = com.chillijo.RollinMVP;
				PRODUCT_NAME = "$(TARGET_NAME)";
				SUPPORTED_PLATFORMS = "iphoneos iphonesimulator";
				SUPPORTS_MACCATALYST = NO;
				SUPPORTS_MAC_DESIGNED_FOR_IPHONE_IPAD = NO;
				SWIFT_EMIT_LOC_STRINGS = YES;
				SWIFT_VERSION = 5.0;
				TARGETED_DEVICE_FAMILY = 1;
			};
			name = Release;
		};
		ABDBD2E8291A3F99008FB3A6 /* Debug */ = {
			isa = XCBuildConfiguration;
			buildSettings = {
				ALWAYS_EMBED_SWIFT_STANDARD_LIBRARIES = YES;
				BUNDLE_LOADER = "$(TEST_HOST)";
				CODE_SIGN_STYLE = Automatic;
				CURRENT_PROJECT_VERSION = 1;
				DEVELOPMENT_TEAM = 8QSTXVD8H9;
				GENERATE_INFOPLIST_FILE = YES;
				IPHONEOS_DEPLOYMENT_TARGET = 16.0;
				MARKETING_VERSION = 1.0;
				PRODUCT_BUNDLE_IDENTIFIER = "com.junhong.Rollin-MVPTests";
				PRODUCT_NAME = "$(TARGET_NAME)";
				SWIFT_EMIT_LOC_STRINGS = NO;
				SWIFT_VERSION = 5.0;
				TARGETED_DEVICE_FAMILY = "1,2";
				TEST_HOST = "$(BUILT_PRODUCTS_DIR)/Rollin_MVP.app/$(BUNDLE_EXECUTABLE_FOLDER_PATH)/Rollin_MVP";
			};
			name = Debug;
		};
		ABDBD2E9291A3F99008FB3A6 /* Release */ = {
			isa = XCBuildConfiguration;
			buildSettings = {
				ALWAYS_EMBED_SWIFT_STANDARD_LIBRARIES = YES;
				BUNDLE_LOADER = "$(TEST_HOST)";
				CODE_SIGN_STYLE = Automatic;
				CURRENT_PROJECT_VERSION = 1;
				DEVELOPMENT_TEAM = 8QSTXVD8H9;
				GENERATE_INFOPLIST_FILE = YES;
				IPHONEOS_DEPLOYMENT_TARGET = 16.0;
				MARKETING_VERSION = 1.0;
				PRODUCT_BUNDLE_IDENTIFIER = "com.junhong.Rollin-MVPTests";
				PRODUCT_NAME = "$(TARGET_NAME)";
				SWIFT_EMIT_LOC_STRINGS = NO;
				SWIFT_VERSION = 5.0;
				TARGETED_DEVICE_FAMILY = "1,2";
				TEST_HOST = "$(BUILT_PRODUCTS_DIR)/Rollin_MVP.app/$(BUNDLE_EXECUTABLE_FOLDER_PATH)/Rollin_MVP";
			};
			name = Release;
		};
		ABDBD2EB291A3F99008FB3A6 /* Debug */ = {
			isa = XCBuildConfiguration;
			buildSettings = {
				ALWAYS_EMBED_SWIFT_STANDARD_LIBRARIES = YES;
				CODE_SIGN_STYLE = Automatic;
				CURRENT_PROJECT_VERSION = 1;
				DEVELOPMENT_TEAM = 8QSTXVD8H9;
				GENERATE_INFOPLIST_FILE = YES;
				MARKETING_VERSION = 1.0;
				PRODUCT_BUNDLE_IDENTIFIER = "com.junhong.Rollin-MVPUITests";
				PRODUCT_NAME = "$(TARGET_NAME)";
				SWIFT_EMIT_LOC_STRINGS = NO;
				SWIFT_VERSION = 5.0;
				TARGETED_DEVICE_FAMILY = "1,2";
				TEST_TARGET_NAME = Rollin_MVP;
			};
			name = Debug;
		};
		ABDBD2EC291A3F99008FB3A6 /* Release */ = {
			isa = XCBuildConfiguration;
			buildSettings = {
				ALWAYS_EMBED_SWIFT_STANDARD_LIBRARIES = YES;
				CODE_SIGN_STYLE = Automatic;
				CURRENT_PROJECT_VERSION = 1;
				DEVELOPMENT_TEAM = 8QSTXVD8H9;
				GENERATE_INFOPLIST_FILE = YES;
				MARKETING_VERSION = 1.0;
				PRODUCT_BUNDLE_IDENTIFIER = "com.junhong.Rollin-MVPUITests";
				PRODUCT_NAME = "$(TARGET_NAME)";
				SWIFT_EMIT_LOC_STRINGS = NO;
				SWIFT_VERSION = 5.0;
				TARGETED_DEVICE_FAMILY = "1,2";
				TEST_TARGET_NAME = Rollin_MVP;
			};
			name = Release;
		};
/* End XCBuildConfiguration section */

/* Begin XCConfigurationList section */
		ABDBD2B5291A3F97008FB3A6 /* Build configuration list for PBXProject "Rollin_MVP" */ = {
			isa = XCConfigurationList;
			buildConfigurations = (
				ABDBD2E2291A3F99008FB3A6 /* Debug */,
				ABDBD2E3291A3F99008FB3A6 /* Release */,
			);
			defaultConfigurationIsVisible = 0;
			defaultConfigurationName = Release;
		};
		ABDBD2E4291A3F99008FB3A6 /* Build configuration list for PBXNativeTarget "Rollin_MVP" */ = {
			isa = XCConfigurationList;
			buildConfigurations = (
				ABDBD2E5291A3F99008FB3A6 /* Debug */,
				ABDBD2E6291A3F99008FB3A6 /* Release */,
			);
			defaultConfigurationIsVisible = 0;
			defaultConfigurationName = Release;
		};
		ABDBD2E7291A3F99008FB3A6 /* Build configuration list for PBXNativeTarget "Rollin_MVPTests" */ = {
			isa = XCConfigurationList;
			buildConfigurations = (
				ABDBD2E8291A3F99008FB3A6 /* Debug */,
				ABDBD2E9291A3F99008FB3A6 /* Release */,
			);
			defaultConfigurationIsVisible = 0;
			defaultConfigurationName = Release;
		};
		ABDBD2EA291A3F99008FB3A6 /* Build configuration list for PBXNativeTarget "Rollin_MVPUITests" */ = {
			isa = XCConfigurationList;
			buildConfigurations = (
				ABDBD2EB291A3F99008FB3A6 /* Debug */,
				ABDBD2EC291A3F99008FB3A6 /* Release */,
			);
			defaultConfigurationIsVisible = 0;
			defaultConfigurationName = Release;
		};
/* End XCConfigurationList section */

/* Begin XCRemoteSwiftPackageReference section */
		ABA0343C2921946000A50471 /* XCRemoteSwiftPackageReference "VerticalCardSwiper" */ = {
			isa = XCRemoteSwiftPackageReference;
			repositoryURL = "https://github.com/JoniVR/VerticalCardSwiper";
			requirement = {
				kind = upToNextMajorVersion;
				minimumVersion = 2.0.0;
			};
		};
		F8173D1B291A521400E545E0 /* XCRemoteSwiftPackageReference "firebase-ios-sdk" */ = {
			isa = XCRemoteSwiftPackageReference;
			repositoryURL = "https://github.com/firebase/firebase-ios-sdk";
			requirement = {
				kind = upToNextMajorVersion;
				minimumVersion = 9.0.0;
			};
		};
/* End XCRemoteSwiftPackageReference section */

/* Begin XCSwiftPackageProductDependency section */
		ABA0343D2921946000A50471 /* VerticalCardSwiper */ = {
			isa = XCSwiftPackageProductDependency;
			package = ABA0343C2921946000A50471 /* XCRemoteSwiftPackageReference "VerticalCardSwiper" */;
			productName = VerticalCardSwiper;
		};
		F8173D1C291A521400E545E0 /* FirebaseAuth */ = {
			isa = XCSwiftPackageProductDependency;
			package = F8173D1B291A521400E545E0 /* XCRemoteSwiftPackageReference "firebase-ios-sdk" */;
			productName = FirebaseAuth;
		};
		F8173D1E291A521400E545E0 /* FirebaseDatabase */ = {
			isa = XCSwiftPackageProductDependency;
			package = F8173D1B291A521400E545E0 /* XCRemoteSwiftPackageReference "firebase-ios-sdk" */;
			productName = FirebaseDatabase;
		};
		F8173D20291A521400E545E0 /* FirebaseDatabaseSwift */ = {
			isa = XCSwiftPackageProductDependency;
			package = F8173D1B291A521400E545E0 /* XCRemoteSwiftPackageReference "firebase-ios-sdk" */;
			productName = FirebaseDatabaseSwift;
		};
		F8173D22291A521400E545E0 /* FirebaseFirestore */ = {
			isa = XCSwiftPackageProductDependency;
			package = F8173D1B291A521400E545E0 /* XCRemoteSwiftPackageReference "firebase-ios-sdk" */;
			productName = FirebaseFirestore;
		};
		F8173D24291A521400E545E0 /* FirebaseFirestoreCombine-Community */ = {
			isa = XCSwiftPackageProductDependency;
			package = F8173D1B291A521400E545E0 /* XCRemoteSwiftPackageReference "firebase-ios-sdk" */;
			productName = "FirebaseFirestoreCombine-Community";
		};
		F8173D26291A521400E545E0 /* FirebaseFirestoreSwift */ = {
			isa = XCSwiftPackageProductDependency;
			package = F8173D1B291A521400E545E0 /* XCRemoteSwiftPackageReference "firebase-ios-sdk" */;
			productName = FirebaseFirestoreSwift;
		};
		F8173D28291A521400E545E0 /* FirebaseStorage */ = {
			isa = XCSwiftPackageProductDependency;
			package = F8173D1B291A521400E545E0 /* XCRemoteSwiftPackageReference "firebase-ios-sdk" */;
			productName = FirebaseStorage;
		};
		F8173D2A291A521400E545E0 /* FirebaseStorageCombine-Community */ = {
			isa = XCSwiftPackageProductDependency;
			package = F8173D1B291A521400E545E0 /* XCRemoteSwiftPackageReference "firebase-ios-sdk" */;
			productName = "FirebaseStorageCombine-Community";
		};
/* End XCSwiftPackageProductDependency section */
	};
	rootObject = ABDBD2B2291A3F97008FB3A6 /* Project object */;
}
