// !$*UTF8*$!
{
	archiveVersion = 1;
	classes = {
	};
	objectVersion = 56;
	objects = {

/* Begin PBXBuildFile section */
		2A03F49A2903E8E1004C57B3 /* Preview+.swift in Sources */ = {isa = PBXBuildFile; fileRef = 2A03F4992903E8E1004C57B3 /* Preview+.swift */; };
		2A1A9F2029041D1600BA2764 /* RollingpaperViewController.swift in Sources */ = {isa = PBXBuildFile; fileRef = 2A1A9F1F29041D1600BA2764 /* RollingpaperViewController.swift */; };
		2A1A9F2329041D3400BA2764 /* RollingpaperTableViewCell.swift in Sources */ = {isa = PBXBuildFile; fileRef = 2A1A9F2229041D3400BA2764 /* RollingpaperTableViewCell.swift */; };
		795CA1BB290962BF00497365 /* UILabel+.swift in Sources */ = {isa = PBXBuildFile; fileRef = 795CA1BA290962BF00497365 /* UILabel+.swift */; };
		AB3AF1EE2902D3DC00BBF3E7 /* NicknameSettingViewController.swift in Sources */ = {isa = PBXBuildFile; fileRef = AB3AF1ED2902D3DC00BBF3E7 /* NicknameSettingViewController.swift */; };
		AB3AF1F12902D81000BBF3E7 /* UserDefaults+.swift in Sources */ = {isa = PBXBuildFile; fileRef = AB3AF1F02902D81000BBF3E7 /* UserDefaults+.swift */; };
		AB3AF1F429037E7100BBF3E7 /* UIApplication+.swift in Sources */ = {isa = PBXBuildFile; fileRef = AB3AF1F329037E7100BBF3E7 /* UIApplication+.swift */; };
		AB3AF1F62903D24800BBF3E7 /* User.swift in Sources */ = {isa = PBXBuildFile; fileRef = AB3AF1F52903D24800BBF3E7 /* User.swift */; };
		AB3AF1F929043AE100BBF3E7 /* QRCodeEnrollViewController.swift in Sources */ = {isa = PBXBuildFile; fileRef = AB3AF1F829043AE100BBF3E7 /* QRCodeEnrollViewController.swift */; };
		AB50CD3A2906DAA60089C314 /* GoogleService-Info.plist in Resources */ = {isa = PBXBuildFile; fileRef = AB50CD392906DAA60089C314 /* GoogleService-Info.plist */; };
		AB50CD3C2907D6C80089C314 /* RollingpaperView.swift in Sources */ = {isa = PBXBuildFile; fileRef = AB50CD3B2907D6C80089C314 /* RollingpaperView.swift */; };
		AB50CD3E2908DAF10089C314 /* Note.swift in Sources */ = {isa = PBXBuildFile; fileRef = AB50CD3D2908DAF10089C314 /* Note.swift */; };
		AB75903A290264C90088F5E7 /* AppDelegate.swift in Sources */ = {isa = PBXBuildFile; fileRef = AB759039290264C90088F5E7 /* AppDelegate.swift */; };
		AB75903C290264C90088F5E7 /* SceneDelegate.swift in Sources */ = {isa = PBXBuildFile; fileRef = AB75903B290264C90088F5E7 /* SceneDelegate.swift */; };
		AB75903E290264C90088F5E7 /* ExampleViewController.swift in Sources */ = {isa = PBXBuildFile; fileRef = AB75903D290264C90088F5E7 /* ExampleViewController.swift */; };
		AB759041290264C90088F5E7 /* Main.storyboard in Resources */ = {isa = PBXBuildFile; fileRef = AB75903F290264C90088F5E7 /* Main.storyboard */; };
		AB759043290264CA0088F5E7 /* Assets.xcassets in Resources */ = {isa = PBXBuildFile; fileRef = AB759042290264CA0088F5E7 /* Assets.xcassets */; };
		AB759046290264CA0088F5E7 /* LaunchScreen.storyboard in Resources */ = {isa = PBXBuildFile; fileRef = AB759044290264CA0088F5E7 /* LaunchScreen.storyboard */; };
		AB759051290264CA0088F5E7 /* RollInTests.swift in Sources */ = {isa = PBXBuildFile; fileRef = AB759050290264CA0088F5E7 /* RollInTests.swift */; };
		AB75905B290264CA0088F5E7 /* RollInUITests.swift in Sources */ = {isa = PBXBuildFile; fileRef = AB75905A290264CA0088F5E7 /* RollInUITests.swift */; };
		AB75905D290264CA0088F5E7 /* RollInUITestsLaunchTests.swift in Sources */ = {isa = PBXBuildFile; fileRef = AB75905C290264CA0088F5E7 /* RollInUITestsLaunchTests.swift */; };
		AB75906D290294860088F5E7 /* FirebaseAnalytics in Frameworks */ = {isa = PBXBuildFile; productRef = AB75906C290294860088F5E7 /* FirebaseAnalytics */; };
		AB75906F290294860088F5E7 /* FirebaseAnalyticsSwift in Frameworks */ = {isa = PBXBuildFile; productRef = AB75906E290294860088F5E7 /* FirebaseAnalyticsSwift */; };
		AB759071290294860088F5E7 /* FirebaseDatabase in Frameworks */ = {isa = PBXBuildFile; productRef = AB759070290294860088F5E7 /* FirebaseDatabase */; };
		AB759073290294860088F5E7 /* FirebaseDatabaseSwift in Frameworks */ = {isa = PBXBuildFile; productRef = AB759072290294860088F5E7 /* FirebaseDatabaseSwift */; };
		AB759075290294860088F5E7 /* FirebaseDynamicLinks in Frameworks */ = {isa = PBXBuildFile; productRef = AB759074290294860088F5E7 /* FirebaseDynamicLinks */; };
		AB759077290294860088F5E7 /* FirebaseFirestore in Frameworks */ = {isa = PBXBuildFile; productRef = AB759076290294860088F5E7 /* FirebaseFirestore */; };
		AB759079290294860088F5E7 /* FirebaseFirestoreCombine-Community in Frameworks */ = {isa = PBXBuildFile; productRef = AB759078290294860088F5E7 /* FirebaseFirestoreCombine-Community */; };
		AB75907B290294870088F5E7 /* FirebaseFirestoreSwift in Frameworks */ = {isa = PBXBuildFile; productRef = AB75907A290294870088F5E7 /* FirebaseFirestoreSwift */; };
		AB75907D290294870088F5E7 /* FirebaseFunctions in Frameworks */ = {isa = PBXBuildFile; productRef = AB75907C290294870088F5E7 /* FirebaseFunctions */; };
		AB75907F290294870088F5E7 /* FirebaseMessaging in Frameworks */ = {isa = PBXBuildFile; productRef = AB75907E290294870088F5E7 /* FirebaseMessaging */; };
		AB759081290294870088F5E7 /* FirebaseStorage in Frameworks */ = {isa = PBXBuildFile; productRef = AB759080290294870088F5E7 /* FirebaseStorage */; };
		AB759083290294870088F5E7 /* FirebaseStorageCombine-Community in Frameworks */ = {isa = PBXBuildFile; productRef = AB759082290294870088F5E7 /* FirebaseStorageCombine-Community */; };
		AB7590892902B5480088F5E7 /*  ImmerZumLachen.swift in Sources */ = {isa = PBXBuildFile; fileRef = AB7590882902B5480088F5E7 /*  ImmerZumLachen.swift */; };
		ABAF591C2902BE840002794E /* SomeOneView.swift in Sources */ = {isa = PBXBuildFile; fileRef = ABAF591B2902BE840002794E /* SomeOneView.swift */; };
		ABAF591E2902BE8D0002794E /* SomeTwoView.swift in Sources */ = {isa = PBXBuildFile; fileRef = ABAF591D2902BE8D0002794E /* SomeTwoView.swift */; };
		F64EA70529098A0B00409924 /* UITextField+.swift in Sources */ = {isa = PBXBuildFile; fileRef = F64EA70429098A0B00409924 /* UITextField+.swift */; };
/* End PBXBuildFile section */

/* Begin PBXContainerItemProxy section */
		AB75904D290264CA0088F5E7 /* PBXContainerItemProxy */ = {
			isa = PBXContainerItemProxy;
			containerPortal = AB75902E290264C90088F5E7 /* Project object */;
			proxyType = 1;
			remoteGlobalIDString = AB759035290264C90088F5E7;
			remoteInfo = RollIn;
		};
		AB759057290264CA0088F5E7 /* PBXContainerItemProxy */ = {
			isa = PBXContainerItemProxy;
			containerPortal = AB75902E290264C90088F5E7 /* Project object */;
			proxyType = 1;
			remoteGlobalIDString = AB759035290264C90088F5E7;
			remoteInfo = RollIn;
		};
/* End PBXContainerItemProxy section */

/* Begin PBXFileReference section */
		2A03F4992903E8E1004C57B3 /* Preview+.swift */ = {isa = PBXFileReference; lastKnownFileType = sourcecode.swift; path = "Preview+.swift"; sourceTree = "<group>"; };
		2A1A9F1F29041D1600BA2764 /* RollingpaperViewController.swift */ = {isa = PBXFileReference; lastKnownFileType = sourcecode.swift; path = RollingpaperViewController.swift; sourceTree = "<group>"; };
		2A1A9F2229041D3400BA2764 /* RollingpaperTableViewCell.swift */ = {isa = PBXFileReference; lastKnownFileType = sourcecode.swift; path = RollingpaperTableViewCell.swift; sourceTree = "<group>"; };
		795CA1BA290962BF00497365 /* UILabel+.swift */ = {isa = PBXFileReference; lastKnownFileType = sourcecode.swift; path = "UILabel+.swift"; sourceTree = "<group>"; };
		AB3AF1ED2902D3DC00BBF3E7 /* NicknameSettingViewController.swift */ = {isa = PBXFileReference; lastKnownFileType = sourcecode.swift; path = NicknameSettingViewController.swift; sourceTree = "<group>"; };
		AB3AF1F02902D81000BBF3E7 /* UserDefaults+.swift */ = {isa = PBXFileReference; lastKnownFileType = sourcecode.swift; path = "UserDefaults+.swift"; sourceTree = "<group>"; };
		AB3AF1F329037E7100BBF3E7 /* UIApplication+.swift */ = {isa = PBXFileReference; lastKnownFileType = sourcecode.swift; path = "UIApplication+.swift"; sourceTree = "<group>"; };
		AB3AF1F52903D24800BBF3E7 /* User.swift */ = {isa = PBXFileReference; lastKnownFileType = sourcecode.swift; path = User.swift; sourceTree = "<group>"; };
		AB3AF1F829043AE100BBF3E7 /* QRCodeEnrollViewController.swift */ = {isa = PBXFileReference; lastKnownFileType = sourcecode.swift; path = QRCodeEnrollViewController.swift; sourceTree = "<group>"; };
		AB50CD392906DAA60089C314 /* GoogleService-Info.plist */ = {isa = PBXFileReference; fileEncoding = 4; lastKnownFileType = text.plist.xml; path = "GoogleService-Info.plist"; sourceTree = "<group>"; };
		AB50CD3B2907D6C80089C314 /* RollingpaperView.swift */ = {isa = PBXFileReference; lastKnownFileType = sourcecode.swift; path = RollingpaperView.swift; sourceTree = "<group>"; };
		AB50CD3D2908DAF10089C314 /* Note.swift */ = {isa = PBXFileReference; lastKnownFileType = sourcecode.swift; path = Note.swift; sourceTree = "<group>"; };
		AB759036290264C90088F5E7 /* RollIn.app */ = {isa = PBXFileReference; explicitFileType = wrapper.application; includeInIndex = 0; path = RollIn.app; sourceTree = BUILT_PRODUCTS_DIR; };
		AB759039290264C90088F5E7 /* AppDelegate.swift */ = {isa = PBXFileReference; lastKnownFileType = sourcecode.swift; path = AppDelegate.swift; sourceTree = "<group>"; };
		AB75903B290264C90088F5E7 /* SceneDelegate.swift */ = {isa = PBXFileReference; lastKnownFileType = sourcecode.swift; path = SceneDelegate.swift; sourceTree = "<group>"; };
		AB75903D290264C90088F5E7 /* ExampleViewController.swift */ = {isa = PBXFileReference; lastKnownFileType = sourcecode.swift; path = ExampleViewController.swift; sourceTree = "<group>"; };
		AB759040290264C90088F5E7 /* Base */ = {isa = PBXFileReference; lastKnownFileType = file.storyboard; name = Base; path = Base.lproj/Main.storyboard; sourceTree = "<group>"; };
		AB759042290264CA0088F5E7 /* Assets.xcassets */ = {isa = PBXFileReference; lastKnownFileType = folder.assetcatalog; path = Assets.xcassets; sourceTree = "<group>"; };
		AB759045290264CA0088F5E7 /* Base */ = {isa = PBXFileReference; lastKnownFileType = file.storyboard; name = Base; path = Base.lproj/LaunchScreen.storyboard; sourceTree = "<group>"; };
		AB759047290264CA0088F5E7 /* Info.plist */ = {isa = PBXFileReference; lastKnownFileType = text.plist.xml; path = Info.plist; sourceTree = "<group>"; };
		AB75904C290264CA0088F5E7 /* RollInTests.xctest */ = {isa = PBXFileReference; explicitFileType = wrapper.cfbundle; includeInIndex = 0; path = RollInTests.xctest; sourceTree = BUILT_PRODUCTS_DIR; };
		AB759050290264CA0088F5E7 /* RollInTests.swift */ = {isa = PBXFileReference; lastKnownFileType = sourcecode.swift; path = RollInTests.swift; sourceTree = "<group>"; };
		AB759056290264CA0088F5E7 /* RollInUITests.xctest */ = {isa = PBXFileReference; explicitFileType = wrapper.cfbundle; includeInIndex = 0; path = RollInUITests.xctest; sourceTree = BUILT_PRODUCTS_DIR; };
		AB75905A290264CA0088F5E7 /* RollInUITests.swift */ = {isa = PBXFileReference; lastKnownFileType = sourcecode.swift; path = RollInUITests.swift; sourceTree = "<group>"; };
		AB75905C290264CA0088F5E7 /* RollInUITestsLaunchTests.swift */ = {isa = PBXFileReference; lastKnownFileType = sourcecode.swift; path = RollInUITestsLaunchTests.swift; sourceTree = "<group>"; };
		AB7590882902B5480088F5E7 /*  ImmerZumLachen.swift */ = {isa = PBXFileReference; lastKnownFileType = sourcecode.swift; path = " ImmerZumLachen.swift"; sourceTree = "<group>"; };
		ABAF591B2902BE840002794E /* SomeOneView.swift */ = {isa = PBXFileReference; lastKnownFileType = sourcecode.swift; path = SomeOneView.swift; sourceTree = "<group>"; };
		ABAF591D2902BE8D0002794E /* SomeTwoView.swift */ = {isa = PBXFileReference; lastKnownFileType = sourcecode.swift; path = SomeTwoView.swift; sourceTree = "<group>"; };
		F64EA70429098A0B00409924 /* UITextField+.swift */ = {isa = PBXFileReference; lastKnownFileType = sourcecode.swift; path = "UITextField+.swift"; sourceTree = "<group>"; };
/* End PBXFileReference section */

/* Begin PBXFrameworksBuildPhase section */
		AB759033290264C90088F5E7 /* Frameworks */ = {
			isa = PBXFrameworksBuildPhase;
			buildActionMask = 2147483647;
			files = (
				AB759073290294860088F5E7 /* FirebaseDatabaseSwift in Frameworks */,
				AB759071290294860088F5E7 /* FirebaseDatabase in Frameworks */,
				AB75907F290294870088F5E7 /* FirebaseMessaging in Frameworks */,
				AB75906F290294860088F5E7 /* FirebaseAnalyticsSwift in Frameworks */,
				AB75907D290294870088F5E7 /* FirebaseFunctions in Frameworks */,
				AB75906D290294860088F5E7 /* FirebaseAnalytics in Frameworks */,
				AB759075290294860088F5E7 /* FirebaseDynamicLinks in Frameworks */,
				AB759077290294860088F5E7 /* FirebaseFirestore in Frameworks */,
				AB759081290294870088F5E7 /* FirebaseStorage in Frameworks */,
				AB759079290294860088F5E7 /* FirebaseFirestoreCombine-Community in Frameworks */,
				AB759083290294870088F5E7 /* FirebaseStorageCombine-Community in Frameworks */,
				AB75907B290294870088F5E7 /* FirebaseFirestoreSwift in Frameworks */,
			);
			runOnlyForDeploymentPostprocessing = 0;
		};
		AB759049290264CA0088F5E7 /* Frameworks */ = {
			isa = PBXFrameworksBuildPhase;
			buildActionMask = 2147483647;
			files = (
			);
			runOnlyForDeploymentPostprocessing = 0;
		};
		AB759053290264CA0088F5E7 /* Frameworks */ = {
			isa = PBXFrameworksBuildPhase;
			buildActionMask = 2147483647;
			files = (
			);
			runOnlyForDeploymentPostprocessing = 0;
		};
/* End PBXFrameworksBuildPhase section */

/* Begin PBXGroup section */
		2A1A9F1E29041D0300BA2764 /* Rollingpaper */ = {
			isa = PBXGroup;
			children = (
				2A1A9F1F29041D1600BA2764 /* RollingpaperViewController.swift */,
				2A1A9F2129041D2200BA2764 /* Views */,
			);
			path = Rollingpaper;
			sourceTree = "<group>";
		};
		2A1A9F2129041D2200BA2764 /* Views */ = {
			isa = PBXGroup;
			children = (
				2A1A9F2229041D3400BA2764 /* RollingpaperTableViewCell.swift */,
				AB50CD3B2907D6C80089C314 /* RollingpaperView.swift */,
			);
			path = Views;
			sourceTree = "<group>";
		};
		AB3AF1EC2902D3A500BBF3E7 /* NicknameSetting */ = {
			isa = PBXGroup;
			children = (
				AB3AF1ED2902D3DC00BBF3E7 /* NicknameSettingViewController.swift */,
			);
			path = NicknameSetting;
			sourceTree = "<group>";
		};
		AB3AF1EF2902D7E400BBF3E7 /* Global */ = {
			isa = PBXGroup;
			children = (
				AB3AF1F22902D81500BBF3E7 /* Extension */,
			);
			path = Global;
			sourceTree = "<group>";
		};
		AB3AF1F22902D81500BBF3E7 /* Extension */ = {
			isa = PBXGroup;
			children = (
				AB3AF1F329037E7100BBF3E7 /* UIApplication+.swift */,
				AB3AF1F02902D81000BBF3E7 /* UserDefaults+.swift */,
				2A03F4992903E8E1004C57B3 /* Preview+.swift */,
				F64EA70429098A0B00409924 /* UITextField+.swift */,
				795CA1BA290962BF00497365 /* UILabel+.swift */,
			);
			path = Extension;
			sourceTree = "<group>";
		};
		AB3AF1F729043A9800BBF3E7 /* QRCodeEnroll */ = {
			isa = PBXGroup;
			children = (
				AB3AF1F829043AE100BBF3E7 /* QRCodeEnrollViewController.swift */,
			);
			path = QRCodeEnroll;
			sourceTree = "<group>";
		};
		AB75902D290264C90088F5E7 = {
			isa = PBXGroup;
			children = (
				AB759038290264C90088F5E7 /* RollIn */,
				AB75904F290264CA0088F5E7 /* RollInTests */,
				AB759059290264CA0088F5E7 /* RollInUITests */,
				AB759037290264C90088F5E7 /* Products */,
			);
			sourceTree = "<group>";
		};
		AB759037290264C90088F5E7 /* Products */ = {
			isa = PBXGroup;
			children = (
				AB759036290264C90088F5E7 /* RollIn.app */,
				AB75904C290264CA0088F5E7 /* RollInTests.xctest */,
				AB759056290264CA0088F5E7 /* RollInUITests.xctest */,
			);
			name = Products;
			sourceTree = "<group>";
		};
		AB759038290264C90088F5E7 /* RollIn */ = {
			isa = PBXGroup;
			children = (
				AB7590842902B4AA0088F5E7 /* App */,
				AB3AF1EF2902D7E400BBF3E7 /* Global */,
				AB7590852902B4E40088F5E7 /* Model */,
				AB7590862902B4F40088F5E7 /* Screens */,
				AB7590872902B5250088F5E7 /* Resources */,
				AB759047290264CA0088F5E7 /* Info.plist */,
				AB50CD392906DAA60089C314 /* GoogleService-Info.plist */,
			);
			path = RollIn;
			sourceTree = "<group>";
		};
		AB75904F290264CA0088F5E7 /* RollInTests */ = {
			isa = PBXGroup;
			children = (
				AB759050290264CA0088F5E7 /* RollInTests.swift */,
			);
			path = RollInTests;
			sourceTree = "<group>";
		};
		AB759059290264CA0088F5E7 /* RollInUITests */ = {
			isa = PBXGroup;
			children = (
				AB75905A290264CA0088F5E7 /* RollInUITests.swift */,
				AB75905C290264CA0088F5E7 /* RollInUITestsLaunchTests.swift */,
			);
			path = RollInUITests;
			sourceTree = "<group>";
		};
		AB7590842902B4AA0088F5E7 /* App */ = {
			isa = PBXGroup;
			children = (
				AB759039290264C90088F5E7 /* AppDelegate.swift */,
				AB75903B290264C90088F5E7 /* SceneDelegate.swift */,
				AB759044290264CA0088F5E7 /* LaunchScreen.storyboard */,
			);
			path = App;
			sourceTree = "<group>";
		};
		AB7590852902B4E40088F5E7 /* Model */ = {
			isa = PBXGroup;
			children = (
				AB7590882902B5480088F5E7 /*  ImmerZumLachen.swift */,
				AB3AF1F52903D24800BBF3E7 /* User.swift */,
				AB50CD3D2908DAF10089C314 /* Note.swift */,
			);
			path = Model;
			sourceTree = "<group>";
		};
		AB7590862902B4F40088F5E7 /* Screens */ = {
			isa = PBXGroup;
			children = (
				AB75903F290264C90088F5E7 /* Main.storyboard */,
				AB75908A2902B81A0088F5E7 /* HoffeDuBistGlücklich */,
				AB3AF1EC2902D3A500BBF3E7 /* NicknameSetting */,
				AB3AF1F729043A9800BBF3E7 /* QRCodeEnroll */,
				2A1A9F1E29041D0300BA2764 /* Rollingpaper */,
			);
			path = Screens;
			sourceTree = "<group>";
		};
		AB7590872902B5250088F5E7 /* Resources */ = {
			isa = PBXGroup;
			children = (
				AB759042290264CA0088F5E7 /* Assets.xcassets */,
			);
			path = Resources;
			sourceTree = "<group>";
		};
		AB75908A2902B81A0088F5E7 /* HoffeDuBistGlücklich */ = {
			isa = PBXGroup;
			children = (
				AB75903D290264C90088F5E7 /* ExampleViewController.swift */,
				AB75908B2902B8500088F5E7 /* Views */,
			);
			name = "HoffeDuBistGlücklich";
			path = "hoffeDuBistGlücklich";
			sourceTree = "<group>";
		};
		AB75908B2902B8500088F5E7 /* Views */ = {
			isa = PBXGroup;
			children = (
				ABAF591B2902BE840002794E /* SomeOneView.swift */,
				ABAF591D2902BE8D0002794E /* SomeTwoView.swift */,
			);
			path = Views;
			sourceTree = "<group>";
		};
/* End PBXGroup section */

/* Begin PBXNativeTarget section */
		AB759035290264C90088F5E7 /* RollIn */ = {
			isa = PBXNativeTarget;
			buildConfigurationList = AB759060290264CA0088F5E7 /* Build configuration list for PBXNativeTarget "RollIn" */;
			buildPhases = (
				AB759032290264C90088F5E7 /* Sources */,
				AB759033290264C90088F5E7 /* Frameworks */,
				AB759034290264C90088F5E7 /* Resources */,
			);
			buildRules = (
			);
			dependencies = (
			);
			name = RollIn;
			packageProductDependencies = (
				AB75906C290294860088F5E7 /* FirebaseAnalytics */,
				AB75906E290294860088F5E7 /* FirebaseAnalyticsSwift */,
				AB759070290294860088F5E7 /* FirebaseDatabase */,
				AB759072290294860088F5E7 /* FirebaseDatabaseSwift */,
				AB759074290294860088F5E7 /* FirebaseDynamicLinks */,
				AB759076290294860088F5E7 /* FirebaseFirestore */,
				AB759078290294860088F5E7 /* FirebaseFirestoreCombine-Community */,
				AB75907A290294870088F5E7 /* FirebaseFirestoreSwift */,
				AB75907C290294870088F5E7 /* FirebaseFunctions */,
				AB75907E290294870088F5E7 /* FirebaseMessaging */,
				AB759080290294870088F5E7 /* FirebaseStorage */,
				AB759082290294870088F5E7 /* FirebaseStorageCombine-Community */,
			);
			productName = RollIn;
			productReference = AB759036290264C90088F5E7 /* RollIn.app */;
			productType = "com.apple.product-type.application";
		};
		AB75904B290264CA0088F5E7 /* RollInTests */ = {
			isa = PBXNativeTarget;
			buildConfigurationList = AB759063290264CA0088F5E7 /* Build configuration list for PBXNativeTarget "RollInTests" */;
			buildPhases = (
				AB759048290264CA0088F5E7 /* Sources */,
				AB759049290264CA0088F5E7 /* Frameworks */,
				AB75904A290264CA0088F5E7 /* Resources */,
			);
			buildRules = (
			);
			dependencies = (
				AB75904E290264CA0088F5E7 /* PBXTargetDependency */,
			);
			name = RollInTests;
			productName = RollInTests;
			productReference = AB75904C290264CA0088F5E7 /* RollInTests.xctest */;
			productType = "com.apple.product-type.bundle.unit-test";
		};
		AB759055290264CA0088F5E7 /* RollInUITests */ = {
			isa = PBXNativeTarget;
			buildConfigurationList = AB759066290264CA0088F5E7 /* Build configuration list for PBXNativeTarget "RollInUITests" */;
			buildPhases = (
				AB759052290264CA0088F5E7 /* Sources */,
				AB759053290264CA0088F5E7 /* Frameworks */,
				AB759054290264CA0088F5E7 /* Resources */,
			);
			buildRules = (
			);
			dependencies = (
				AB759058290264CA0088F5E7 /* PBXTargetDependency */,
			);
			name = RollInUITests;
			productName = RollInUITests;
			productReference = AB759056290264CA0088F5E7 /* RollInUITests.xctest */;
			productType = "com.apple.product-type.bundle.ui-testing";
		};
/* End PBXNativeTarget section */

/* Begin PBXProject section */
		AB75902E290264C90088F5E7 /* Project object */ = {
			isa = PBXProject;
			attributes = {
				BuildIndependentTargetsInParallel = 1;
				LastSwiftUpdateCheck = 1400;
				LastUpgradeCheck = 1400;
				TargetAttributes = {
					AB759035290264C90088F5E7 = {
						CreatedOnToolsVersion = 14.0.1;
					};
					AB75904B290264CA0088F5E7 = {
						CreatedOnToolsVersion = 14.0.1;
						TestTargetID = AB759035290264C90088F5E7;
					};
					AB759055290264CA0088F5E7 = {
						CreatedOnToolsVersion = 14.0.1;
						TestTargetID = AB759035290264C90088F5E7;
					};
				};
			};
			buildConfigurationList = AB759031290264C90088F5E7 /* Build configuration list for PBXProject "RollIn" */;
			compatibilityVersion = "Xcode 14.0";
			developmentRegion = en;
			hasScannedForEncodings = 0;
			knownRegions = (
				en,
				Base,
			);
			mainGroup = AB75902D290264C90088F5E7;
			packageReferences = (
				AB75906B290294860088F5E7 /* XCRemoteSwiftPackageReference "firebase-ios-sdk" */,
			);
			productRefGroup = AB759037290264C90088F5E7 /* Products */;
			projectDirPath = "";
			projectRoot = "";
			targets = (
				AB759035290264C90088F5E7 /* RollIn */,
				AB75904B290264CA0088F5E7 /* RollInTests */,
				AB759055290264CA0088F5E7 /* RollInUITests */,
			);
		};
/* End PBXProject section */

/* Begin PBXResourcesBuildPhase section */
		AB759034290264C90088F5E7 /* Resources */ = {
			isa = PBXResourcesBuildPhase;
			buildActionMask = 2147483647;
			files = (
				AB759046290264CA0088F5E7 /* LaunchScreen.storyboard in Resources */,
				AB50CD3A2906DAA60089C314 /* GoogleService-Info.plist in Resources */,
				AB759043290264CA0088F5E7 /* Assets.xcassets in Resources */,
				AB759041290264C90088F5E7 /* Main.storyboard in Resources */,
			);
			runOnlyForDeploymentPostprocessing = 0;
		};
		AB75904A290264CA0088F5E7 /* Resources */ = {
			isa = PBXResourcesBuildPhase;
			buildActionMask = 2147483647;
			files = (
			);
			runOnlyForDeploymentPostprocessing = 0;
		};
		AB759054290264CA0088F5E7 /* Resources */ = {
			isa = PBXResourcesBuildPhase;
			buildActionMask = 2147483647;
			files = (
			);
			runOnlyForDeploymentPostprocessing = 0;
		};
/* End PBXResourcesBuildPhase section */

/* Begin PBXSourcesBuildPhase section */
		AB759032290264C90088F5E7 /* Sources */ = {
			isa = PBXSourcesBuildPhase;
			buildActionMask = 2147483647;
			files = (
				2A1A9F2329041D3400BA2764 /* RollingpaperTableViewCell.swift in Sources */,
				AB3AF1F12902D81000BBF3E7 /* UserDefaults+.swift in Sources */,
				AB75903E290264C90088F5E7 /* ExampleViewController.swift in Sources */,
				AB3AF1EE2902D3DC00BBF3E7 /* NicknameSettingViewController.swift in Sources */,
				AB75903A290264C90088F5E7 /* AppDelegate.swift in Sources */,
				AB75903C290264C90088F5E7 /* SceneDelegate.swift in Sources */,
				F64EA70529098A0B00409924 /* UITextField+.swift in Sources */,
				2A1A9F2029041D1600BA2764 /* RollingpaperViewController.swift in Sources */,
				ABAF591C2902BE840002794E /* SomeOneView.swift in Sources */,
				AB3AF1F429037E7100BBF3E7 /* UIApplication+.swift in Sources */,
				AB7590892902B5480088F5E7 /*  ImmerZumLachen.swift in Sources */,
				AB3AF1F62903D24800BBF3E7 /* User.swift in Sources */,
				AB50CD3E2908DAF10089C314 /* Note.swift in Sources */,
				2A03F49A2903E8E1004C57B3 /* Preview+.swift in Sources */,
				795CA1BB290962BF00497365 /* UILabel+.swift in Sources */,
				ABAF591E2902BE8D0002794E /* SomeTwoView.swift in Sources */,
				AB3AF1F929043AE100BBF3E7 /* QRCodeEnrollViewController.swift in Sources */,
				AB50CD3C2907D6C80089C314 /* RollingpaperView.swift in Sources */,
			);
			runOnlyForDeploymentPostprocessing = 0;
		};
		AB759048290264CA0088F5E7 /* Sources */ = {
			isa = PBXSourcesBuildPhase;
			buildActionMask = 2147483647;
			files = (
				AB759051290264CA0088F5E7 /* RollInTests.swift in Sources */,
			);
			runOnlyForDeploymentPostprocessing = 0;
		};
		AB759052290264CA0088F5E7 /* Sources */ = {
			isa = PBXSourcesBuildPhase;
			buildActionMask = 2147483647;
			files = (
				AB75905D290264CA0088F5E7 /* RollInUITestsLaunchTests.swift in Sources */,
				AB75905B290264CA0088F5E7 /* RollInUITests.swift in Sources */,
			);
			runOnlyForDeploymentPostprocessing = 0;
		};
/* End PBXSourcesBuildPhase section */

/* Begin PBXTargetDependency section */
		AB75904E290264CA0088F5E7 /* PBXTargetDependency */ = {
			isa = PBXTargetDependency;
			target = AB759035290264C90088F5E7 /* RollIn */;
			targetProxy = AB75904D290264CA0088F5E7 /* PBXContainerItemProxy */;
		};
		AB759058290264CA0088F5E7 /* PBXTargetDependency */ = {
			isa = PBXTargetDependency;
			target = AB759035290264C90088F5E7 /* RollIn */;
			targetProxy = AB759057290264CA0088F5E7 /* PBXContainerItemProxy */;
		};
/* End PBXTargetDependency section */

/* Begin PBXVariantGroup section */
		AB75903F290264C90088F5E7 /* Main.storyboard */ = {
			isa = PBXVariantGroup;
			children = (
				AB759040290264C90088F5E7 /* Base */,
			);
			name = Main.storyboard;
			sourceTree = "<group>";
		};
		AB759044290264CA0088F5E7 /* LaunchScreen.storyboard */ = {
			isa = PBXVariantGroup;
			children = (
				AB759045290264CA0088F5E7 /* Base */,
			);
			name = LaunchScreen.storyboard;
			sourceTree = "<group>";
		};
/* End PBXVariantGroup section */

/* Begin XCBuildConfiguration section */
		AB75905E290264CA0088F5E7 /* Debug */ = {
			isa = XCBuildConfiguration;
			buildSettings = {
				ALWAYS_SEARCH_USER_PATHS = NO;
				CLANG_ANALYZER_NONNULL = YES;
				CLANG_ANALYZER_NUMBER_OBJECT_CONVERSION = YES_AGGRESSIVE;
				CLANG_CXX_LANGUAGE_STANDARD = "gnu++20";
				CLANG_ENABLE_MODULES = YES;
				CLANG_ENABLE_OBJC_ARC = YES;
				CLANG_ENABLE_OBJC_WEAK = YES;
				CLANG_WARN_BLOCK_CAPTURE_AUTORELEASING = YES;
				CLANG_WARN_BOOL_CONVERSION = YES;
				CLANG_WARN_COMMA = YES;
				CLANG_WARN_CONSTANT_CONVERSION = YES;
				CLANG_WARN_DEPRECATED_OBJC_IMPLEMENTATIONS = YES;
				CLANG_WARN_DIRECT_OBJC_ISA_USAGE = YES_ERROR;
				CLANG_WARN_DOCUMENTATION_COMMENTS = YES;
				CLANG_WARN_EMPTY_BODY = YES;
				CLANG_WARN_ENUM_CONVERSION = YES;
				CLANG_WARN_INFINITE_RECURSION = YES;
				CLANG_WARN_INT_CONVERSION = YES;
				CLANG_WARN_NON_LITERAL_NULL_CONVERSION = YES;
				CLANG_WARN_OBJC_IMPLICIT_RETAIN_SELF = YES;
				CLANG_WARN_OBJC_LITERAL_CONVERSION = YES;
				CLANG_WARN_OBJC_ROOT_CLASS = YES_ERROR;
				CLANG_WARN_QUOTED_INCLUDE_IN_FRAMEWORK_HEADER = YES;
				CLANG_WARN_RANGE_LOOP_ANALYSIS = YES;
				CLANG_WARN_STRICT_PROTOTYPES = YES;
				CLANG_WARN_SUSPICIOUS_MOVE = YES;
				CLANG_WARN_UNGUARDED_AVAILABILITY = YES_AGGRESSIVE;
				CLANG_WARN_UNREACHABLE_CODE = YES;
				CLANG_WARN__DUPLICATE_METHOD_MATCH = YES;
				COPY_PHASE_STRIP = NO;
				DEBUG_INFORMATION_FORMAT = dwarf;
				ENABLE_STRICT_OBJC_MSGSEND = YES;
				ENABLE_TESTABILITY = YES;
				GCC_C_LANGUAGE_STANDARD = gnu11;
				GCC_DYNAMIC_NO_PIC = NO;
				GCC_NO_COMMON_BLOCKS = YES;
				GCC_OPTIMIZATION_LEVEL = 0;
				GCC_PREPROCESSOR_DEFINITIONS = (
					"DEBUG=1",
					"$(inherited)",
				);
				GCC_WARN_64_TO_32_BIT_CONVERSION = YES;
				GCC_WARN_ABOUT_RETURN_TYPE = YES_ERROR;
				GCC_WARN_UNDECLARED_SELECTOR = YES;
				GCC_WARN_UNINITIALIZED_AUTOS = YES_AGGRESSIVE;
				GCC_WARN_UNUSED_FUNCTION = YES;
				GCC_WARN_UNUSED_VARIABLE = YES;
				IPHONEOS_DEPLOYMENT_TARGET = 13.0;
				MTL_ENABLE_DEBUG_INFO = INCLUDE_SOURCE;
				MTL_FAST_MATH = YES;
				ONLY_ACTIVE_ARCH = YES;
				SDKROOT = iphoneos;
				SWIFT_ACTIVE_COMPILATION_CONDITIONS = DEBUG;
				SWIFT_OPTIMIZATION_LEVEL = "-Onone";
			};
			name = Debug;
		};
		AB75905F290264CA0088F5E7 /* Release */ = {
			isa = XCBuildConfiguration;
			buildSettings = {
				ALWAYS_SEARCH_USER_PATHS = NO;
				CLANG_ANALYZER_NONNULL = YES;
				CLANG_ANALYZER_NUMBER_OBJECT_CONVERSION = YES_AGGRESSIVE;
				CLANG_CXX_LANGUAGE_STANDARD = "gnu++20";
				CLANG_ENABLE_MODULES = YES;
				CLANG_ENABLE_OBJC_ARC = YES;
				CLANG_ENABLE_OBJC_WEAK = YES;
				CLANG_WARN_BLOCK_CAPTURE_AUTORELEASING = YES;
				CLANG_WARN_BOOL_CONVERSION = YES;
				CLANG_WARN_COMMA = YES;
				CLANG_WARN_CONSTANT_CONVERSION = YES;
				CLANG_WARN_DEPRECATED_OBJC_IMPLEMENTATIONS = YES;
				CLANG_WARN_DIRECT_OBJC_ISA_USAGE = YES_ERROR;
				CLANG_WARN_DOCUMENTATION_COMMENTS = YES;
				CLANG_WARN_EMPTY_BODY = YES;
				CLANG_WARN_ENUM_CONVERSION = YES;
				CLANG_WARN_INFINITE_RECURSION = YES;
				CLANG_WARN_INT_CONVERSION = YES;
				CLANG_WARN_NON_LITERAL_NULL_CONVERSION = YES;
				CLANG_WARN_OBJC_IMPLICIT_RETAIN_SELF = YES;
				CLANG_WARN_OBJC_LITERAL_CONVERSION = YES;
				CLANG_WARN_OBJC_ROOT_CLASS = YES_ERROR;
				CLANG_WARN_QUOTED_INCLUDE_IN_FRAMEWORK_HEADER = YES;
				CLANG_WARN_RANGE_LOOP_ANALYSIS = YES;
				CLANG_WARN_STRICT_PROTOTYPES = YES;
				CLANG_WARN_SUSPICIOUS_MOVE = YES;
				CLANG_WARN_UNGUARDED_AVAILABILITY = YES_AGGRESSIVE;
				CLANG_WARN_UNREACHABLE_CODE = YES;
				CLANG_WARN__DUPLICATE_METHOD_MATCH = YES;
				COPY_PHASE_STRIP = NO;
				DEBUG_INFORMATION_FORMAT = "dwarf-with-dsym";
				ENABLE_NS_ASSERTIONS = NO;
				ENABLE_STRICT_OBJC_MSGSEND = YES;
				GCC_C_LANGUAGE_STANDARD = gnu11;
				GCC_NO_COMMON_BLOCKS = YES;
				GCC_WARN_64_TO_32_BIT_CONVERSION = YES;
				GCC_WARN_ABOUT_RETURN_TYPE = YES_ERROR;
				GCC_WARN_UNDECLARED_SELECTOR = YES;
				GCC_WARN_UNINITIALIZED_AUTOS = YES_AGGRESSIVE;
				GCC_WARN_UNUSED_FUNCTION = YES;
				GCC_WARN_UNUSED_VARIABLE = YES;
				IPHONEOS_DEPLOYMENT_TARGET = 13.0;
				MTL_ENABLE_DEBUG_INFO = NO;
				MTL_FAST_MATH = YES;
				SDKROOT = iphoneos;
				SWIFT_COMPILATION_MODE = wholemodule;
				SWIFT_OPTIMIZATION_LEVEL = "-O";
				VALIDATE_PRODUCT = YES;
			};
			name = Release;
		};
		AB759061290264CA0088F5E7 /* Debug */ = {
			isa = XCBuildConfiguration;
			buildSettings = {
				ASSETCATALOG_COMPILER_APPICON_NAME = AppIcon;
				ASSETCATALOG_COMPILER_GLOBAL_ACCENT_COLOR_NAME = AccentColor;
				CODE_SIGN_STYLE = Automatic;
				CURRENT_PROJECT_VERSION = 1;
				DEVELOPMENT_TEAM = 8QSTXVD8H9;
				GENERATE_INFOPLIST_FILE = YES;
				INFOPLIST_FILE = RollIn/Info.plist;
				INFOPLIST_KEY_CFBundleDisplayName = "Roll - in";
				INFOPLIST_KEY_LSApplicationCategoryType = "public.app-category.entertainment";
				INFOPLIST_KEY_UIApplicationSupportsIndirectInputEvents = YES;
				INFOPLIST_KEY_UILaunchStoryboardName = LaunchScreen;
				INFOPLIST_KEY_UIMainStoryboardFile = Main;
				INFOPLIST_KEY_UISupportedInterfaceOrientations = UIInterfaceOrientationPortrait;
				INFOPLIST_KEY_UISupportedInterfaceOrientations_iPad = "UIInterfaceOrientationLandscapeLeft UIInterfaceOrientationLandscapeRight UIInterfaceOrientationPortrait UIInterfaceOrientationPortraitUpsideDown";
				IPHONEOS_DEPLOYMENT_TARGET = 13.0;
				LD_RUNPATH_SEARCH_PATHS = (
					"$(inherited)",
					"@executable_path/Frameworks",
				);
				MARKETING_VERSION = 1.0;
				PRODUCT_BUNDLE_IDENTIFIER = com.chillisaewoo.RollIn;
				PRODUCT_NAME = "$(TARGET_NAME)";
				SUPPORTED_PLATFORMS = "iphoneos iphonesimulator";
				SUPPORTS_MACCATALYST = NO;
				SUPPORTS_MAC_DESIGNED_FOR_IPHONE_IPAD = NO;
				SWIFT_EMIT_LOC_STRINGS = YES;
				SWIFT_VERSION = 5.0;
				TARGETED_DEVICE_FAMILY = 1;
			};
			name = Debug;
		};
		AB759062290264CA0088F5E7 /* Release */ = {
			isa = XCBuildConfiguration;
			buildSettings = {
				ASSETCATALOG_COMPILER_APPICON_NAME = AppIcon;
				ASSETCATALOG_COMPILER_GLOBAL_ACCENT_COLOR_NAME = AccentColor;
				CODE_SIGN_STYLE = Automatic;
				CURRENT_PROJECT_VERSION = 1;
				DEVELOPMENT_TEAM = 8QSTXVD8H9;
				GENERATE_INFOPLIST_FILE = YES;
				INFOPLIST_FILE = RollIn/Info.plist;
				INFOPLIST_KEY_CFBundleDisplayName = "Roll - in";
				INFOPLIST_KEY_LSApplicationCategoryType = "public.app-category.entertainment";
				INFOPLIST_KEY_UIApplicationSupportsIndirectInputEvents = YES;
				INFOPLIST_KEY_UILaunchStoryboardName = LaunchScreen;
				INFOPLIST_KEY_UIMainStoryboardFile = Main;
				INFOPLIST_KEY_UISupportedInterfaceOrientations = UIInterfaceOrientationPortrait;
				INFOPLIST_KEY_UISupportedInterfaceOrientations_iPad = "UIInterfaceOrientationLandscapeLeft UIInterfaceOrientationLandscapeRight UIInterfaceOrientationPortrait UIInterfaceOrientationPortraitUpsideDown";
				IPHONEOS_DEPLOYMENT_TARGET = 13.0;
				LD_RUNPATH_SEARCH_PATHS = (
					"$(inherited)",
					"@executable_path/Frameworks",
				);
				MARKETING_VERSION = 1.0;
				PRODUCT_BUNDLE_IDENTIFIER = com.chillisaewoo.RollIn;
				PRODUCT_NAME = "$(TARGET_NAME)";
				SUPPORTED_PLATFORMS = "iphoneos iphonesimulator";
				SUPPORTS_MACCATALYST = NO;
				SUPPORTS_MAC_DESIGNED_FOR_IPHONE_IPAD = NO;
				SWIFT_EMIT_LOC_STRINGS = YES;
				SWIFT_VERSION = 5.0;
				TARGETED_DEVICE_FAMILY = 1;
			};
			name = Release;
		};
		AB759064290264CA0088F5E7 /* Debug */ = {
			isa = XCBuildConfiguration;
			buildSettings = {
				ALWAYS_EMBED_SWIFT_STANDARD_LIBRARIES = YES;
				BUNDLE_LOADER = "$(TEST_HOST)";
				CODE_SIGN_STYLE = Automatic;
				CURRENT_PROJECT_VERSION = 1;
				DEVELOPMENT_TEAM = 8QSTXVD8H9;
				GENERATE_INFOPLIST_FILE = YES;
				IPHONEOS_DEPLOYMENT_TARGET = 16.0;
				MARKETING_VERSION = 1.0;
				PRODUCT_BUNDLE_IDENTIFIER = com.junhong.RollInTests;
				PRODUCT_NAME = "$(TARGET_NAME)";
				SWIFT_EMIT_LOC_STRINGS = NO;
				SWIFT_VERSION = 5.0;
				TARGETED_DEVICE_FAMILY = "1,2";
				TEST_HOST = "$(BUILT_PRODUCTS_DIR)/RollIn.app/$(BUNDLE_EXECUTABLE_FOLDER_PATH)/RollIn";
			};
			name = Debug;
		};
		AB759065290264CA0088F5E7 /* Release */ = {
			isa = XCBuildConfiguration;
			buildSettings = {
				ALWAYS_EMBED_SWIFT_STANDARD_LIBRARIES = YES;
				BUNDLE_LOADER = "$(TEST_HOST)";
				CODE_SIGN_STYLE = Automatic;
				CURRENT_PROJECT_VERSION = 1;
				DEVELOPMENT_TEAM = 8QSTXVD8H9;
				GENERATE_INFOPLIST_FILE = YES;
				IPHONEOS_DEPLOYMENT_TARGET = 16.0;
				MARKETING_VERSION = 1.0;
				PRODUCT_BUNDLE_IDENTIFIER = com.junhong.RollInTests;
				PRODUCT_NAME = "$(TARGET_NAME)";
				SWIFT_EMIT_LOC_STRINGS = NO;
				SWIFT_VERSION = 5.0;
				TARGETED_DEVICE_FAMILY = "1,2";
				TEST_HOST = "$(BUILT_PRODUCTS_DIR)/RollIn.app/$(BUNDLE_EXECUTABLE_FOLDER_PATH)/RollIn";
			};
			name = Release;
		};
		AB759067290264CA0088F5E7 /* Debug */ = {
			isa = XCBuildConfiguration;
			buildSettings = {
				ALWAYS_EMBED_SWIFT_STANDARD_LIBRARIES = YES;
				CODE_SIGN_STYLE = Automatic;
				CURRENT_PROJECT_VERSION = 1;
				DEVELOPMENT_TEAM = 8QSTXVD8H9;
				GENERATE_INFOPLIST_FILE = YES;
				MARKETING_VERSION = 1.0;
				PRODUCT_BUNDLE_IDENTIFIER = com.junhong.RollInUITests;
				PRODUCT_NAME = "$(TARGET_NAME)";
				SWIFT_EMIT_LOC_STRINGS = NO;
				SWIFT_VERSION = 5.0;
				TARGETED_DEVICE_FAMILY = "1,2";
				TEST_TARGET_NAME = RollIn;
			};
			name = Debug;
		};
		AB759068290264CA0088F5E7 /* Release */ = {
			isa = XCBuildConfiguration;
			buildSettings = {
				ALWAYS_EMBED_SWIFT_STANDARD_LIBRARIES = YES;
				CODE_SIGN_STYLE = Automatic;
				CURRENT_PROJECT_VERSION = 1;
				DEVELOPMENT_TEAM = 8QSTXVD8H9;
				GENERATE_INFOPLIST_FILE = YES;
				MARKETING_VERSION = 1.0;
				PRODUCT_BUNDLE_IDENTIFIER = com.junhong.RollInUITests;
				PRODUCT_NAME = "$(TARGET_NAME)";
				SWIFT_EMIT_LOC_STRINGS = NO;
				SWIFT_VERSION = 5.0;
				TARGETED_DEVICE_FAMILY = "1,2";
				TEST_TARGET_NAME = RollIn;
			};
			name = Release;
		};
/* End XCBuildConfiguration section */

/* Begin XCConfigurationList section */
		AB759031290264C90088F5E7 /* Build configuration list for PBXProject "RollIn" */ = {
			isa = XCConfigurationList;
			buildConfigurations = (
				AB75905E290264CA0088F5E7 /* Debug */,
				AB75905F290264CA0088F5E7 /* Release */,
			);
			defaultConfigurationIsVisible = 0;
			defaultConfigurationName = Release;
		};
		AB759060290264CA0088F5E7 /* Build configuration list for PBXNativeTarget "RollIn" */ = {
			isa = XCConfigurationList;
			buildConfigurations = (
				AB759061290264CA0088F5E7 /* Debug */,
				AB759062290264CA0088F5E7 /* Release */,
			);
			defaultConfigurationIsVisible = 0;
			defaultConfigurationName = Release;
		};
		AB759063290264CA0088F5E7 /* Build configuration list for PBXNativeTarget "RollInTests" */ = {
			isa = XCConfigurationList;
			buildConfigurations = (
				AB759064290264CA0088F5E7 /* Debug */,
				AB759065290264CA0088F5E7 /* Release */,
			);
			defaultConfigurationIsVisible = 0;
			defaultConfigurationName = Release;
		};
		AB759066290264CA0088F5E7 /* Build configuration list for PBXNativeTarget "RollInUITests" */ = {
			isa = XCConfigurationList;
			buildConfigurations = (
				AB759067290264CA0088F5E7 /* Debug */,
				AB759068290264CA0088F5E7 /* Release */,
			);
			defaultConfigurationIsVisible = 0;
			defaultConfigurationName = Release;
		};
/* End XCConfigurationList section */

/* Begin XCRemoteSwiftPackageReference section */
		AB75906B290294860088F5E7 /* XCRemoteSwiftPackageReference "firebase-ios-sdk" */ = {
			isa = XCRemoteSwiftPackageReference;
			repositoryURL = "https://github.com/firebase/firebase-ios-sdk";
			requirement = {
				kind = upToNextMajorVersion;
				minimumVersion = 9.0.0;
			};
		};
/* End XCRemoteSwiftPackageReference section */

/* Begin XCSwiftPackageProductDependency section */
		AB75906C290294860088F5E7 /* FirebaseAnalytics */ = {
			isa = XCSwiftPackageProductDependency;
			package = AB75906B290294860088F5E7 /* XCRemoteSwiftPackageReference "firebase-ios-sdk" */;
			productName = FirebaseAnalytics;
		};
		AB75906E290294860088F5E7 /* FirebaseAnalyticsSwift */ = {
			isa = XCSwiftPackageProductDependency;
			package = AB75906B290294860088F5E7 /* XCRemoteSwiftPackageReference "firebase-ios-sdk" */;
			productName = FirebaseAnalyticsSwift;
		};
		AB759070290294860088F5E7 /* FirebaseDatabase */ = {
			isa = XCSwiftPackageProductDependency;
			package = AB75906B290294860088F5E7 /* XCRemoteSwiftPackageReference "firebase-ios-sdk" */;
			productName = FirebaseDatabase;
		};
		AB759072290294860088F5E7 /* FirebaseDatabaseSwift */ = {
			isa = XCSwiftPackageProductDependency;
			package = AB75906B290294860088F5E7 /* XCRemoteSwiftPackageReference "firebase-ios-sdk" */;
			productName = FirebaseDatabaseSwift;
		};
		AB759074290294860088F5E7 /* FirebaseDynamicLinks */ = {
			isa = XCSwiftPackageProductDependency;
			package = AB75906B290294860088F5E7 /* XCRemoteSwiftPackageReference "firebase-ios-sdk" */;
			productName = FirebaseDynamicLinks;
		};
		AB759076290294860088F5E7 /* FirebaseFirestore */ = {
			isa = XCSwiftPackageProductDependency;
			package = AB75906B290294860088F5E7 /* XCRemoteSwiftPackageReference "firebase-ios-sdk" */;
			productName = FirebaseFirestore;
		};
		AB759078290294860088F5E7 /* FirebaseFirestoreCombine-Community */ = {
			isa = XCSwiftPackageProductDependency;
			package = AB75906B290294860088F5E7 /* XCRemoteSwiftPackageReference "firebase-ios-sdk" */;
			productName = "FirebaseFirestoreCombine-Community";
		};
		AB75907A290294870088F5E7 /* FirebaseFirestoreSwift */ = {
			isa = XCSwiftPackageProductDependency;
			package = AB75906B290294860088F5E7 /* XCRemoteSwiftPackageReference "firebase-ios-sdk" */;
			productName = FirebaseFirestoreSwift;
		};
		AB75907C290294870088F5E7 /* FirebaseFunctions */ = {
			isa = XCSwiftPackageProductDependency;
			package = AB75906B290294860088F5E7 /* XCRemoteSwiftPackageReference "firebase-ios-sdk" */;
			productName = FirebaseFunctions;
		};
		AB75907E290294870088F5E7 /* FirebaseMessaging */ = {
			isa = XCSwiftPackageProductDependency;
			package = AB75906B290294860088F5E7 /* XCRemoteSwiftPackageReference "firebase-ios-sdk" */;
			productName = FirebaseMessaging;
		};
		AB759080290294870088F5E7 /* FirebaseStorage */ = {
			isa = XCSwiftPackageProductDependency;
			package = AB75906B290294860088F5E7 /* XCRemoteSwiftPackageReference "firebase-ios-sdk" */;
			productName = FirebaseStorage;
		};
		AB759082290294870088F5E7 /* FirebaseStorageCombine-Community */ = {
			isa = XCSwiftPackageProductDependency;
			package = AB75906B290294860088F5E7 /* XCRemoteSwiftPackageReference "firebase-ios-sdk" */;
			productName = "FirebaseStorageCombine-Community";
		};
/* End XCSwiftPackageProductDependency section */
	};
	rootObject = AB75902E290264C90088F5E7 /* Project object */;
}
